PODS:
  - AccordionView (0.0.5)
  - AFNetworking (2.5.2):
    - AFNetworking/NSURLConnection (= 2.5.2)
    - AFNetworking/NSURLSession (= 2.5.2)
    - AFNetworking/Reachability (= 2.5.2)
    - AFNetworking/Security (= 2.5.2)
    - AFNetworking/Serialization (= 2.5.2)
    - AFNetworking/UIKit (= 2.5.2)
  - AFNetworking/NSURLConnection (2.5.2):
    - AFNetworking/Reachability
    - AFNetworking/Security
    - AFNetworking/Serialization
  - AFNetworking/NSURLSession (2.5.2):
    - AFNetworking/Reachability
    - AFNetworking/Security
    - AFNetworking/Serialization
  - AFNetworking/Reachability (2.5.2)
  - AFNetworking/Security (2.5.2)
  - AFNetworking/Serialization (2.5.2)
  - AFNetworking/UIKit (2.5.2):
    - AFNetworking/NSURLConnection
    - AFNetworking/NSURLSession
  - Appirater (2.0.4)
  - GoogleAnalytics-iOS-SDK (3.0.3c)
  - NSString-Hashes (1.2.2)
  - SAMLoadingView (0.1.0)
  - SDWebImage (3.7.2):
    - SDWebImage/Core (= 3.7.2)
  - SDWebImage/Core (3.7.2)
  - STTwitter (0.2.0)
  - TTTAttributedLabel (1.13.3)

DEPENDENCIES:
  - AccordionView
  - AFNetworking
  - Appirater
  - GoogleAnalytics-iOS-SDK (= 3.0.3c)
  - NSString-Hashes
  - SAMLoadingView
  - SDWebImage
  - STTwitter
  - TTTAttributedLabel

SPEC CHECKSUMS:
  AccordionView: bc022d5ae3b05a96b0b1ccd41cf37cc6796161a7
  AFNetworking: fefbce9660acb17f48ae0011292d4da0f457bf36
  Appirater: cbdb7f305562cfde585300bfff86da01ae559deb
  GoogleAnalytics-iOS-SDK: 4377a29aa3e039030df30fd5c6075baeed3c916c
  NSString-Hashes: ddf6e856e93d3c83c5d4ef8fcdea2a96ed77c6bc
  SAMLoadingView: 11b746311268140f6a2380723215fe96a6d15dee
  SDWebImage: 71b7cdc1d1721d6a82ed62889030225f2c249e29
  STTwitter: 743ead8a65466ec0fe9b64cd2811de5590a0ed76
  TTTAttributedLabel: 6f3174aef8e738f44dff97c2eb7d8184f6ab6277

COCOAPODS: 0.36.1
