PODS:
  - AFNetworking (3.2.1):
    - AFNetworking/NSURLSession (= 3.2.1)
    - AFNetworking/Reachability (= 3.2.1)
    - AFNetworking/Security (= 3.2.1)
    - AFNetworking/Serialization (= 3.2.1)
    - AFNetworking/UIKit (= 3.2.1)
  - AFNetworking/NSURLSession (3.2.1):
    - AFNetworking/Reachability
    - AFNetworking/Security
    - AFNetworking/Serialization
  - AFNetworking/Reachability (3.2.1)
  - AFNetworking/Security (3.2.1)
  - AFNetworking/Serialization (3.2.1)
  - AFNetworking/UIKit (3.2.1):
    - AFNetworking/NSURLSession
  - Appirater (2.3.1)
  - NSString-Hashes (1.2.2)
  - SAMLoadingView (0.1.0)
  - SDWebImage (4.4.2):
    - SDWebImage/Core (= 4.4.2)
  - SDWebImage/Core (4.4.2)
  - STTwitter (0.2.6)
  - TTTAttributedLabel (2.0.0)

DEPENDENCIES:
  - AFNetworking
  - Appirater
  - NSString-Hashes
  - SAMLoadingView
  - SDWebImage
  - STTwitter
  - TTTAttributedLabel

SPEC REPOS:
  https://github.com/cocoapods/specs.git:
    - AFNetworking
    - Appirater
    - NSString-Hashes
    - SAMLoadingView
    - SDWebImage
    - STTwitter
    - TTTAttributedLabel

SPEC CHECKSUMS:
  AFNetworking: b6f891fdfaed196b46c7a83cf209e09697b94057
  Appirater: 44a4651f7912a17dc906b655f0c215d5bb768b84
  NSString-Hashes: c3848d809e92650e4fb17db5d8cc4bd2aa1eaddd
  SAMLoadingView: 7ffc4f0efe85f9717d6e367b6b93e32befe4407c
  SDWebImage: 624d6e296c69b244bcede364c72ae0430ac14681
  STTwitter: 30ee2f79eff78c3d633a1edc869e97db9c9ead59
  TTTAttributedLabel: 8cffe8e127e4e82ff3af1e5386d4cd0ad000b656

PODFILE CHECKSUM: 3d429929b376ae21fe1708af811fb31a5817ae18

COCOAPODS: 1.5.3
