PODS:
  - Appirater (2.3.1)
  - NSString-Hashes (1.2.2)
  - SDWebImage (4.4.2):
    - SDWebImage/Core (= 4.4.2)
  - SDWebImage/Core (4.4.2)

DEPENDENCIES:
  - Appirater
  - NSString-Hashes
  - SDWebImage

SPEC REPOS:
  https://github.com/cocoapods/specs.git:
    - Appirater
    - NSString-Hashes
    - SDWebImage

SPEC CHECKSUMS:
  Appirater: 44a4651f7912a17dc906b655f0c215d5bb768b84
  NSString-Hashes: c3848d809e92650e4fb17db5d8cc4bd2aa1eaddd
  SDWebImage: 624d6e296c69b244bcede364c72ae0430ac14681

PODFILE CHECKSUM: 1888cad3edb8458c2dbc59b6362da2afcd9b291d

COCOAPODS: 1.6.1
