{
  "object": {
    "pins": [
      {
        "package": "AcknowList",
        "repositoryURL": "https://github.com/vtourraine/AcknowList.git",
        "state": {
          "branch": null,
          "revision": "a9f8244575b676f8fbf93e8633d5484eca21da5d",
          "version": "2.1.1"
        }
      },
      {
        "package": "BottomSheet",
        "repositoryURL": "https://github.com/adamfootdev/BottomSheet.git",
        "state": {
          "branch": null,
          "revision": "0e6db002eeb5e3ba402e94dfe6a120f78b5a64df",
          "version": "0.2.4"
        }
      },
      {
        "package": "combine-schedulers",
        "repositoryURL": "https://github.com/pointfreeco/combine-schedulers",
        "state": {
          "branch": null,
          "revision": "9e42b4b0453da417a44daa17174103e7d1c5be07",
          "version": "0.7.3"
        }
      },
      {
        "package": "composable-core-location",
        "repositoryURL": "https://github.com/pointfreeco/composable-core-location.git",
        "state": {
          "branch": null,
          "revision": "95d45d71a4e9c21bd97b02189d2d8342d41ea527",
          "version": "0.2.0"
        }
      },
      {
        "package": "swift-case-paths",
        "repositoryURL": "https://github.com/pointfreeco/swift-case-paths",
        "state": {
          "branch": null,
          "revision": "a09839348486db8866f85a727b8550be1d671c50",
          "version": "0.9.1"
        }
      },
      {
        "package": "swift-collections",
        "repositoryURL": "https://github.com/apple/swift-collections",
        "state": {
          "branch": null,
          "revision": "48254824bb4248676bf7ce56014ff57b142b77eb",
          "version": "1.0.2"
        }
      },
      {
        "package": "swift-composable-architecture",
        "repositoryURL": "https://github.com/pointfreeco/swift-composable-architecture",
        "state": {
          "branch": null,
          "revision": "a518935116b2bada7234f47073159b433d432af1",
          "version": "0.39.1"
        }
      },
      {
        "package": "swift-custom-dump",
        "repositoryURL": "https://github.com/pointfreeco/swift-custom-dump",
        "state": {
          "branch": null,
          "revision": "21ec1d717c07cea5a026979cb0471dd95c7087e7",
          "version": "0.5.0"
        }
      },
      {
        "package": "swift-identified-collections",
        "repositoryURL": "https://github.com/pointfreeco/swift-identified-collections",
        "state": {
          "branch": null,
          "revision": "2d6b7ffcc67afd9077fac5e5a29bcd6d39b71076",
          "version": "0.4.0"
        }
      },
      {
        "package": "swift-log",
        "repositoryURL": "https://github.com/apple/swift-log.git",
        "state": {
          "branch": null,
          "revision": "6fe203dc33195667ce1759bf0182975e4653ba1c",
          "version": "1.4.4"
        }
      },
      {
        "package": "SnapshotTesting",
        "repositoryURL": "https://github.com/pointfreeco/swift-snapshot-testing.git",
        "state": {
          "branch": null,
          "revision": "c466812aa2e22898f27557e2e780d3aad7a27203",
          "version": "1.8.2"
        }
      },
      {
        "package": "xctest-dynamic-overlay",
        "repositoryURL": "https://github.com/pointfreeco/xctest-dynamic-overlay",
        "state": {
          "branch": null,
          "revision": "38bc9242e4388b80bd23ddfdf3071428859e3260",
          "version": "0.4.0"
        }
      }
    ]
  },
  "version": 1
}
