// !$*UTF8*$!
{
	archiveVersion = 1;
	classes = {
	};
	objectVersion = 54;
	objects = {

/* Begin PBXBuildFile section */
		731CFCC9267A745600F1093B /* AppFeature in Frameworks */ = {isa = PBXBuildFile; productRef = 731CFCC8267A745600F1093B /* AppFeature */; settings = {ATTRIBUTES = (Required, ); }; };
		73238EC927728081003DE01F /* ChatFeature in Frameworks */ = {isa = PBXBuildFile; productRef = 73238EC827728081003DE01F /* ChatFeature */; };
		73238EDD277328E8003DE01F /* SettingsFeature in Frameworks */ = {isa = PBXBuildFile; productRef = 73238EDC277328E8003DE01F /* SettingsFeature */; };
		73614B432E657DF00058F87D /* cmAppIcon.icon in Resources */ = {isa = PBXBuildFile; fileRef = 73614B422E657DF00058F87D /* cmAppIcon.icon */; };
		73654C6C26C85FCF004BE38B /* Launch Screen.storyboard in Resources */ = {isa = PBXBuildFile; fileRef = 73654C6B26C85FCF004BE38B /* Launch Screen.storyboard */; };
		738214F4271F49AB009847C7 /* appIcon-5.png in Resources */ = {isa = PBXBuildFile; fileRef = 738214EF271F49AB009847C7 /* appIcon-5.png */; };
		738214F5271F49AB009847C7 /* appIcon-4.png in Resources */ = {isa = PBXBuildFile; fileRef = 738214F0271F49AB009847C7 /* appIcon-4.png */; };
		738214F6271F49AB009847C7 /* appIcon-3.png in Resources */ = {isa = PBXBuildFile; fileRef = 738214F1271F49AB009847C7 /* appIcon-3.png */; };
		738214F7271F49AB009847C7 /* appIcon-2.png in Resources */ = {isa = PBXBuildFile; fileRef = 738214F2271F49AB009847C7 /* appIcon-2.png */; };
		738214F8271F49AB009847C7 /* appIcon-1.png in Resources */ = {isa = PBXBuildFile; fileRef = 738214F3271F49AB009847C7 /* appIcon-1.png */; };
		739A582D2D41290F00B80B41 /* ChatFeaturePreviewApp.swift in Sources */ = {isa = PBXBuildFile; fileRef = 739A58262D41290F00B80B41 /* ChatFeaturePreviewApp.swift */; };
		739A582E2D41290F00B80B41 /* SettingsFeaturePreviewApp.swift in Sources */ = {isa = PBXBuildFile; fileRef = 739A582A2D41290F00B80B41 /* SettingsFeaturePreviewApp.swift */; };
		739A582F2D41290F00B80B41 /* GuideFeaturePreviewApp.swift in Sources */ = {isa = PBXBuildFile; fileRef = 739A58282D41290F00B80B41 /* GuideFeaturePreviewApp.swift */; };
		73CA22FA2D4158650040C7CF /* GuideFeature in Frameworks */ = {isa = PBXBuildFile; productRef = 73CA22F92D4158650040C7CF /* GuideFeature */; };
		73CF5FF7263EB0A6001925A3 /* Assets.xcassets in Resources */ = {isa = PBXBuildFile; fileRef = 73CF5FF1263EB0A6001925A3 /* Assets.xcassets */; };
		73EB0311263F23A100941D57 /* App.swift in Sources */ = {isa = PBXBuildFile; fileRef = 73EB0310263F23A100941D57 /* App.swift */; };
/* End PBXBuildFile section */

/* Begin PBXFileReference section */
		732734462771172C0007579E /* CriticalMapsKit */ = {isa = PBXFileReference; lastKnownFileType = wrapper; path = CriticalMapsKit; sourceTree = "<group>"; };
		7347AB262A27BE2A00BCA949 /* ChatFeature.xctestplan */ = {isa = PBXFileReference; lastKnownFileType = text; path = ChatFeature.xctestplan; sourceTree = "<group>"; };
		7347AB272A27C0A900BCA949 /* MapFeature.xctestplan */ = {isa = PBXFileReference; lastKnownFileType = text; path = MapFeature.xctestplan; sourceTree = "<group>"; };
		7355D2E42B91C4350097DD42 /* NextRideFeatureTests.xctestplan */ = {isa = PBXFileReference; lastKnownFileType = text; path = NextRideFeatureTests.xctestplan; sourceTree = "<group>"; };
		73614B422E657DF00058F87D /* cmAppIcon.icon */ = {isa = PBXFileReference; lastKnownFileType = folder.iconcomposer.icon; path = cmAppIcon.icon; sourceTree = "<group>"; };
		73654C6B26C85FCF004BE38B /* Launch Screen.storyboard */ = {isa = PBXFileReference; fileEncoding = 4; lastKnownFileType = file.storyboard; path = "Launch Screen.storyboard"; sourceTree = "<group>"; };
		7369207C28D0D92100EA0584 /* SnapshotTests.xctestplan */ = {isa = PBXFileReference; lastKnownFileType = text; path = SnapshotTests.xctestplan; sourceTree = "<group>"; };
		738214EF271F49AB009847C7 /* appIcon-5.png */ = {isa = PBXFileReference; lastKnownFileType = image.png; path = "appIcon-5.png"; sourceTree = "<group>"; };
		738214F0271F49AB009847C7 /* appIcon-4.png */ = {isa = PBXFileReference; lastKnownFileType = image.png; path = "appIcon-4.png"; sourceTree = "<group>"; };
		738214F1271F49AB009847C7 /* appIcon-3.png */ = {isa = PBXFileReference; lastKnownFileType = image.png; path = "appIcon-3.png"; sourceTree = "<group>"; };
		738214F2271F49AB009847C7 /* appIcon-2.png */ = {isa = PBXFileReference; lastKnownFileType = image.png; path = "appIcon-2.png"; sourceTree = "<group>"; };
		738214F3271F49AB009847C7 /* appIcon-1.png */ = {isa = PBXFileReference; lastKnownFileType = image.png; path = "appIcon-1.png"; sourceTree = "<group>"; };
		739A58262D41290F00B80B41 /* ChatFeaturePreviewApp.swift */ = {isa = PBXFileReference; lastKnownFileType = sourcecode.swift; path = ChatFeaturePreviewApp.swift; sourceTree = "<group>"; };
		739A58282D41290F00B80B41 /* GuideFeaturePreviewApp.swift */ = {isa = PBXFileReference; lastKnownFileType = sourcecode.swift; path = GuideFeaturePreviewApp.swift; sourceTree = "<group>"; };
		739A582A2D41290F00B80B41 /* SettingsFeaturePreviewApp.swift */ = {isa = PBXFileReference; lastKnownFileType = sourcecode.swift; path = SettingsFeaturePreviewApp.swift; sourceTree = "<group>"; };
		739A58302D414F4B00B80B41 /* Critical Maps.app */ = {isa = PBXFileReference; explicitFileType = wrapper.application; includeInIndex = 0; path = "Critical Maps.app"; sourceTree = BUILT_PRODUCTS_DIR; };
		739A58312D4156F100B80B41 /* ChatFeaturePreview.app */ = {isa = PBXFileReference; explicitFileType = wrapper.application; includeInIndex = 0; path = ChatFeaturePreview.app; sourceTree = BUILT_PRODUCTS_DIR; };
		739A58322D4156F100B80B41 /* SettingsFeaturePreview.app */ = {isa = PBXFileReference; explicitFileType = wrapper.application; includeInIndex = 0; path = SettingsFeaturePreview.app; sourceTree = BUILT_PRODUCTS_DIR; };
		739A58332D4156F100B80B41 /* GuideFeaturePreview.app */ = {isa = PBXFileReference; explicitFileType = wrapper.application; includeInIndex = 0; path = GuideFeaturePreview.app; sourceTree = BUILT_PRODUCTS_DIR; };
		739C4980276733E20001466A /* Berlin:Germany.gpx */ = {isa = PBXFileReference; lastKnownFileType = text.xml; path = "Berlin:Germany.gpx"; sourceTree = "<group>"; };
		73BABF82277B0A2900D9790F /* CHANGELOG.md */ = {isa = PBXFileReference; fileEncoding = 4; lastKnownFileType = net.daringfireball.markdown; path = CHANGELOG.md; sourceTree = "<group>"; };
		73BABF83277B0A2900D9790F /* README.md */ = {isa = PBXFileReference; fileEncoding = 4; lastKnownFileType = net.daringfireball.markdown; path = README.md; sourceTree = "<group>"; };
		73CA9806268DCC0F004D81FA /* UnitTests.xctestplan */ = {isa = PBXFileReference; lastKnownFileType = text; path = UnitTests.xctestplan; sourceTree = "<group>"; };
		73CD4DA02C594402003CAEA2 /* SettingsFeature.xctestplan */ = {isa = PBXFileReference; lastKnownFileType = text; path = SettingsFeature.xctestplan; sourceTree = "<group>"; };
		73CD4DA12C595584003CAEA2 /* GuideFeature.xctestplan */ = {isa = PBXFileReference; lastKnownFileType = text; path = GuideFeature.xctestplan; sourceTree = "<group>"; };
		73CF5FF1263EB0A6001925A3 /* Assets.xcassets */ = {isa = PBXFileReference; lastKnownFileType = folder.assetcatalog; path = Assets.xcassets; sourceTree = "<group>"; };
		73CF5FF6263EB0A6001925A3 /* Info.plist */ = {isa = PBXFileReference; fileEncoding = 4; lastKnownFileType = text.plist.xml; path = Info.plist; sourceTree = "<group>"; };
		73EA92422C595702008DEEFE /* MastodonFeedFeature.xctestplan */ = {isa = PBXFileReference; lastKnownFileType = text; path = MastodonFeedFeature.xctestplan; sourceTree = "<group>"; };
		73EA92432C59585D008DEEFE /* SocialFeature.xctestplan */ = {isa = PBXFileReference; lastKnownFileType = text; path = SocialFeature.xctestplan; sourceTree = "<group>"; };
		73EB0310263F23A100941D57 /* App.swift */ = {isa = PBXFileReference; lastKnownFileType = sourcecode.swift; path = App.swift; sourceTree = "<group>"; };
		73F010D82B94A19700C2B613 /* LisbonPortugal.gpx */ = {isa = PBXFileReference; lastKnownFileType = text.xml; path = LisbonPortugal.gpx; sourceTree = "<group>"; };
/* End PBXFileReference section */

/* Begin PBXFrameworksBuildPhase section */
		73238EB727728043003DE01F /* Frameworks */ = {
			isa = PBXFrameworksBuildPhase;
			buildActionMask = 2147483647;
			files = (
				73238EC927728081003DE01F /* ChatFeature in Frameworks */,
			);
			runOnlyForDeploymentPostprocessing = 0;
		};
		73238ECB2773289F003DE01F /* Frameworks */ = {
			isa = PBXFrameworksBuildPhase;
			buildActionMask = 2147483647;
			files = (
				73238EDD277328E8003DE01F /* SettingsFeature in Frameworks */,
			);
			runOnlyForDeploymentPostprocessing = 0;
		};
		73CF5FBF263EAF5B001925A3 /* Frameworks */ = {
			isa = PBXFrameworksBuildPhase;
			buildActionMask = 2147483647;
			files = (
				731CFCC9267A745600F1093B /* AppFeature in Frameworks */,
			);
			runOnlyForDeploymentPostprocessing = 0;
		};
		73FD0B2D2779F5500061539D /* Frameworks */ = {
			isa = PBXFrameworksBuildPhase;
			buildActionMask = 2147483647;
			files = (
				73CA22FA2D4158650040C7CF /* GuideFeature in Frameworks */,
			);
			runOnlyForDeploymentPostprocessing = 0;
		};
/* End PBXFrameworksBuildPhase section */

/* Begin PBXGroup section */
		7347AB282A27C0CA00BCA949 /* Testplans */ = {
			isa = PBXGroup;
			children = (
				73EA92432C59585D008DEEFE /* SocialFeature.xctestplan */,
				73EA92422C595702008DEEFE /* MastodonFeedFeature.xctestplan */,
				73CD4DA12C595584003CAEA2 /* GuideFeature.xctestplan */,
				73CD4DA02C594402003CAEA2 /* SettingsFeature.xctestplan */,
				7355D2E42B91C4350097DD42 /* NextRideFeatureTests.xctestplan */,
				7347AB272A27C0A900BCA949 /* MapFeature.xctestplan */,
				7347AB262A27BE2A00BCA949 /* ChatFeature.xctestplan */,
				7369207C28D0D92100EA0584 /* SnapshotTests.xctestplan */,
				73CA9806268DCC0F004D81FA /* UnitTests.xctestplan */,
			);
			path = Testplans;
			sourceTree = "<group>";
		};
		738214EE271F49AB009847C7 /* appicons */ = {
			isa = PBXGroup;
			children = (
				738214EF271F49AB009847C7 /* appIcon-5.png */,
				738214F0271F49AB009847C7 /* appIcon-4.png */,
				738214F1271F49AB009847C7 /* appIcon-3.png */,
				738214F2271F49AB009847C7 /* appIcon-2.png */,
				738214F3271F49AB009847C7 /* appIcon-1.png */,
			);
			name = appicons;
			path = iOS/appicons;
			sourceTree = SOURCE_ROOT;
		};
		739A58272D41290F00B80B41 /* ChatFeaturePreview */ = {
			isa = PBXGroup;
			children = (
				739A58262D41290F00B80B41 /* ChatFeaturePreviewApp.swift */,
			);
			path = ChatFeaturePreview;
			sourceTree = "<group>";
		};
		739A58292D41290F00B80B41 /* GuideFeaturePreview */ = {
			isa = PBXGroup;
			children = (
				739A58282D41290F00B80B41 /* GuideFeaturePreviewApp.swift */,
			);
			path = GuideFeaturePreview;
			sourceTree = "<group>";
		};
		739A582B2D41290F00B80B41 /* SettingsFeaturePreview */ = {
			isa = PBXGroup;
			children = (
				739A582A2D41290F00B80B41 /* SettingsFeaturePreviewApp.swift */,
			);
			path = SettingsFeaturePreview;
			sourceTree = "<group>";
		};
		739A582C2D41290F00B80B41 /* Previews */ = {
			isa = PBXGroup;
			children = (
				739A58272D41290F00B80B41 /* ChatFeaturePreview */,
				739A58292D41290F00B80B41 /* GuideFeaturePreview */,
				739A582B2D41290F00B80B41 /* SettingsFeaturePreview */,
			);
			name = Previews;
			path = iOS/Previews;
			sourceTree = "<group>";
		};
		73CA22F82D4158650040C7CF /* Frameworks */ = {
			isa = PBXGroup;
			children = (
			);
			name = Frameworks;
			sourceTree = "<group>";
		};
		73CF5FB9263EAF5B001925A3 = {
			isa = PBXGroup;
			children = (
				73BABF82277B0A2900D9790F /* CHANGELOG.md */,
				73BABF83277B0A2900D9790F /* README.md */,
				732734462771172C0007579E /* CriticalMapsKit */,
				7347AB282A27C0CA00BCA949 /* Testplans */,
				73CF5FF0263EB0A6001925A3 /* iOS */,
				739A582C2D41290F00B80B41 /* Previews */,
				739A58302D414F4B00B80B41 /* Critical Maps.app */,
				739A58312D4156F100B80B41 /* ChatFeaturePreview.app */,
				739A58322D4156F100B80B41 /* SettingsFeaturePreview.app */,
				739A58332D4156F100B80B41 /* GuideFeaturePreview.app */,
				73CA22F82D4158650040C7CF /* Frameworks */,
			);
			sourceTree = "<group>";
		};
		73CF5FF0263EB0A6001925A3 /* iOS */ = {
			isa = PBXGroup;
			children = (
				738214EE271F49AB009847C7 /* appicons */,
				73CF5FF6263EB0A6001925A3 /* Info.plist */,
				73EB0310263F23A100941D57 /* App.swift */,
				73CF5FF1263EB0A6001925A3 /* Assets.xcassets */,
				73654C6B26C85FCF004BE38B /* Launch Screen.storyboard */,
				739C4980276733E20001466A /* Berlin:Germany.gpx */,
				73F010D82B94A19700C2B613 /* LisbonPortugal.gpx */,
				73614B422E657DF00058F87D /* cmAppIcon.icon */,
			);
			path = iOS;
			sourceTree = "<group>";
		};
/* End PBXGroup section */

/* Begin PBXNativeTarget section */
		73238EB927728043003DE01F /* ChatFeaturePreview */ = {
			isa = PBXNativeTarget;
			buildConfigurationList = 73238EC727728043003DE01F /* Build configuration list for PBXNativeTarget "ChatFeaturePreview" */;
			buildPhases = (
				73238EB627728043003DE01F /* Sources */,
				73238EB727728043003DE01F /* Frameworks */,
				73238EB827728043003DE01F /* Resources */,
			);
			buildRules = (
			);
			dependencies = (
			);
			name = ChatFeaturePreview;
			packageProductDependencies = (
				73238EC827728081003DE01F /* ChatFeature */,
			);
			productName = ChatFeaturePreviewApp;
			productReference = 739A58312D4156F100B80B41 /* ChatFeaturePreview.app */;
			productType = "com.apple.product-type.application";
		};
		73238ECD2773289F003DE01F /* SettingsFeaturePreview */ = {
			isa = PBXNativeTarget;
			buildConfigurationList = 73238ED9277328A0003DE01F /* Build configuration list for PBXNativeTarget "SettingsFeaturePreview" */;
			buildPhases = (
				73238ECA2773289F003DE01F /* Sources */,
				73238ECB2773289F003DE01F /* Frameworks */,
				73238ECC2773289F003DE01F /* Resources */,
			);
			buildRules = (
			);
			dependencies = (
			);
			name = SettingsFeaturePreview;
			packageProductDependencies = (
				73238EDC277328E8003DE01F /* SettingsFeature */,
			);
			productName = SettingsFeaturePreview;
			productReference = 739A58322D4156F100B80B41 /* SettingsFeaturePreview.app */;
			productType = "com.apple.product-type.application";
		};
		73CF5FC1263EAF5B001925A3 /* Critical Maps */ = {
			isa = PBXNativeTarget;
			buildConfigurationList = 73CF5FE7263EAF5C001925A3 /* Build configuration list for PBXNativeTarget "Critical Maps" */;
			buildPhases = (
				73CF5FBE263EAF5B001925A3 /* Sources */,
				73CF5FBF263EAF5B001925A3 /* Frameworks */,
				73CF5FC0263EAF5B001925A3 /* Resources */,
			);
			buildRules = (
			);
			dependencies = (
			);
			name = "Critical Maps";
			packageProductDependencies = (
				731CFCC8267A745600F1093B /* AppFeature */,
			);
			productName = "Critical Maps";
			productReference = 739A58302D414F4B00B80B41 /* Critical Maps.app */;
			productType = "com.apple.product-type.application";
		};
		73FD0B2F2779F5500061539D /* GuideFeaturePreview */ = {
			isa = PBXNativeTarget;
			buildConfigurationList = 73FD0B3D2779F5510061539D /* Build configuration list for PBXNativeTarget "GuideFeaturePreview" */;
			buildPhases = (
				73FD0B2C2779F5500061539D /* Sources */,
				73FD0B2D2779F5500061539D /* Frameworks */,
				73FD0B2E2779F5500061539D /* Resources */,
			);
			buildRules = (
			);
			dependencies = (
			);
			name = GuideFeaturePreview;
			packageProductDependencies = (
				73CA22F92D4158650040C7CF /* GuideFeature */,
			);
			productName = GuideFeaturePreview;
			productReference = 739A58332D4156F100B80B41 /* GuideFeaturePreview.app */;
			productType = "com.apple.product-type.application";
		};
/* End PBXNativeTarget section */

/* Begin PBXProject section */
		73CF5FBA263EAF5B001925A3 /* Project object */ = {
			isa = PBXProject;
			attributes = {
				BuildIndependentTargetsInParallel = YES;
				LastSwiftUpdateCheck = 1320;
				LastUpgradeCheck = 1620;
				TargetAttributes = {
					73238EB927728043003DE01F = {
						CreatedOnToolsVersion = 13.2;
					};
					73238ECD2773289F003DE01F = {
						CreatedOnToolsVersion = 13.2;
					};
					73CF5FC1263EAF5B001925A3 = {
						CreatedOnToolsVersion = 12.5;
					};
					73FD0B2F2779F5500061539D = {
						CreatedOnToolsVersion = 13.2;
					};
				};
			};
			buildConfigurationList = 73CF5FBD263EAF5B001925A3 /* Build configuration list for PBXProject "CriticalMaps" */;
			compatibilityVersion = "Xcode 9.3";
			developmentRegion = en;
			hasScannedForEncodings = 0;
			knownRegions = (
				en,
				Base,
				fr,
				de,
				it,
				es,
				pl,
				tr,
			);
			mainGroup = 73CF5FB9263EAF5B001925A3;
			productRefGroup = 73CF5FB9263EAF5B001925A3;
			projectDirPath = "";
			projectRoot = "";
			targets = (
				73CF5FC1263EAF5B001925A3 /* Critical Maps */,
				73238EB927728043003DE01F /* ChatFeaturePreview */,
				73238ECD2773289F003DE01F /* SettingsFeaturePreview */,
				73FD0B2F2779F5500061539D /* GuideFeaturePreview */,
			);
		};
/* End PBXProject section */

/* Begin PBXResourcesBuildPhase section */
		73238EB827728043003DE01F /* Resources */ = {
			isa = PBXResourcesBuildPhase;
			buildActionMask = 2147483647;
			files = (
			);
			runOnlyForDeploymentPostprocessing = 0;
		};
		73238ECC2773289F003DE01F /* Resources */ = {
			isa = PBXResourcesBuildPhase;
			buildActionMask = 2147483647;
			files = (
			);
			runOnlyForDeploymentPostprocessing = 0;
		};
		73CF5FC0263EAF5B001925A3 /* Resources */ = {
			isa = PBXResourcesBuildPhase;
			buildActionMask = 2147483647;
			files = (
				738214F8271F49AB009847C7 /* appIcon-1.png in Resources */,
				738214F6271F49AB009847C7 /* appIcon-3.png in Resources */,
				738214F4271F49AB009847C7 /* appIcon-5.png in Resources */,
				73654C6C26C85FCF004BE38B /* Launch Screen.storyboard in Resources */,
				738214F7271F49AB009847C7 /* appIcon-2.png in Resources */,
				73CF5FF7263EB0A6001925A3 /* Assets.xcassets in Resources */,
				738214F5271F49AB009847C7 /* appIcon-4.png in Resources */,
				73614B432E657DF00058F87D /* cmAppIcon.icon in Resources */,
			);
			runOnlyForDeploymentPostprocessing = 0;
		};
		73FD0B2E2779F5500061539D /* Resources */ = {
			isa = PBXResourcesBuildPhase;
			buildActionMask = 2147483647;
			files = (
			);
			runOnlyForDeploymentPostprocessing = 0;
		};
/* End PBXResourcesBuildPhase section */

/* Begin PBXSourcesBuildPhase section */
		73238EB627728043003DE01F /* Sources */ = {
			isa = PBXSourcesBuildPhase;
			buildActionMask = 2147483647;
			files = (
				739A582D2D41290F00B80B41 /* ChatFeaturePreviewApp.swift in Sources */,
			);
			runOnlyForDeploymentPostprocessing = 0;
		};
		73238ECA2773289F003DE01F /* Sources */ = {
			isa = PBXSourcesBuildPhase;
			buildActionMask = 2147483647;
			files = (
				739A582E2D41290F00B80B41 /* SettingsFeaturePreviewApp.swift in Sources */,
			);
			runOnlyForDeploymentPostprocessing = 0;
		};
		73CF5FBE263EAF5B001925A3 /* Sources */ = {
			isa = PBXSourcesBuildPhase;
			buildActionMask = 2147483647;
			files = (
				73EB0311263F23A100941D57 /* App.swift in Sources */,
			);
			runOnlyForDeploymentPostprocessing = 0;
		};
		73FD0B2C2779F5500061539D /* Sources */ = {
			isa = PBXSourcesBuildPhase;
			buildActionMask = 2147483647;
			files = (
				739A582F2D41290F00B80B41 /* GuideFeaturePreviewApp.swift in Sources */,
			);
			runOnlyForDeploymentPostprocessing = 0;
		};
/* End PBXSourcesBuildPhase section */

/* Begin XCBuildConfiguration section */
		73238EC527728043003DE01F /* Debug */ = {
			isa = XCBuildConfiguration;
			buildSettings = {
				ASSETCATALOG_COMPILER_APPICON_NAME = AppIcon;
				ASSETCATALOG_COMPILER_GLOBAL_ACCENT_COLOR_NAME = AccentColor;
				CLANG_CXX_LANGUAGE_STANDARD = "gnu++17";
				CODE_SIGN_STYLE = Automatic;
				CURRENT_PROJECT_VERSION = 1;
				DEVELOPMENT_ASSET_PATHS = "";
				DEVELOPMENT_TEAM = QDDL89SBZ7;
				ENABLE_PREVIEWS = YES;
				GENERATE_INFOPLIST_FILE = YES;
				INFOPLIST_KEY_UIApplicationSceneManifest_Generation = YES;
				INFOPLIST_KEY_UIApplicationSupportsIndirectInputEvents = YES;
				INFOPLIST_KEY_UILaunchScreen_Generation = YES;
				INFOPLIST_KEY_UISupportedInterfaceOrientations_iPad = "UIInterfaceOrientationPortrait UIInterfaceOrientationPortraitUpsideDown UIInterfaceOrientationLandscapeLeft UIInterfaceOrientationLandscapeRight";
				INFOPLIST_KEY_UISupportedInterfaceOrientations_iPhone = "UIInterfaceOrientationPortrait UIInterfaceOrientationLandscapeLeft UIInterfaceOrientationLandscapeRight";
				IPHONEOS_DEPLOYMENT_TARGET = 17.6;
				LD_RUNPATH_SEARCH_PATHS = (
					"$(inherited)",
					"@executable_path/Frameworks",
				);
				MARKETING_VERSION = 1.0;
				PRODUCT_BUNDLE_IDENTIFIER = net.criticalmaps.ChatFeaturePreview;
				PRODUCT_NAME = "$(TARGET_NAME)";
				SWIFT_EMIT_LOC_STRINGS = YES;
				SWIFT_VERSION = 5.0;
				TARGETED_DEVICE_FAMILY = "1,2";
			};
			name = Debug;
		};
		73238EC627728043003DE01F /* Release */ = {
			isa = XCBuildConfiguration;
			buildSettings = {
				ASSETCATALOG_COMPILER_APPICON_NAME = AppIcon;
				ASSETCATALOG_COMPILER_GLOBAL_ACCENT_COLOR_NAME = AccentColor;
				CLANG_CXX_LANGUAGE_STANDARD = "gnu++17";
				CODE_SIGN_STYLE = Automatic;
				CURRENT_PROJECT_VERSION = 1;
				DEVELOPMENT_ASSET_PATHS = "";
				DEVELOPMENT_TEAM = QDDL89SBZ7;
				ENABLE_PREVIEWS = YES;
				GENERATE_INFOPLIST_FILE = YES;
				INFOPLIST_KEY_UIApplicationSceneManifest_Generation = YES;
				INFOPLIST_KEY_UIApplicationSupportsIndirectInputEvents = YES;
				INFOPLIST_KEY_UILaunchScreen_Generation = YES;
				INFOPLIST_KEY_UISupportedInterfaceOrientations_iPad = "UIInterfaceOrientationPortrait UIInterfaceOrientationPortraitUpsideDown UIInterfaceOrientationLandscapeLeft UIInterfaceOrientationLandscapeRight";
				INFOPLIST_KEY_UISupportedInterfaceOrientations_iPhone = "UIInterfaceOrientationPortrait UIInterfaceOrientationLandscapeLeft UIInterfaceOrientationLandscapeRight";
				IPHONEOS_DEPLOYMENT_TARGET = 17.6;
				LD_RUNPATH_SEARCH_PATHS = (
					"$(inherited)",
					"@executable_path/Frameworks",
				);
				MARKETING_VERSION = 1.0;
				PRODUCT_BUNDLE_IDENTIFIER = net.criticalmaps.ChatFeaturePreview;
				PRODUCT_NAME = "$(TARGET_NAME)";
				SWIFT_EMIT_LOC_STRINGS = YES;
				SWIFT_VERSION = 5.0;
				TARGETED_DEVICE_FAMILY = "1,2";
			};
			name = Release;
		};
		73238EDA277328A0003DE01F /* Debug */ = {
			isa = XCBuildConfiguration;
			buildSettings = {
				ASSETCATALOG_COMPILER_APPICON_NAME = AppIcon;
				ASSETCATALOG_COMPILER_GLOBAL_ACCENT_COLOR_NAME = AccentColor;
				CLANG_CXX_LANGUAGE_STANDARD = "gnu++17";
				CODE_SIGN_STYLE = Automatic;
				CURRENT_PROJECT_VERSION = 1;
				DEVELOPMENT_ASSET_PATHS = "";
				DEVELOPMENT_TEAM = QDDL89SBZ7;
				ENABLE_PREVIEWS = YES;
				GENERATE_INFOPLIST_FILE = YES;
				INFOPLIST_KEY_UIApplicationSceneManifest_Generation = YES;
				INFOPLIST_KEY_UIApplicationSupportsIndirectInputEvents = YES;
				INFOPLIST_KEY_UILaunchScreen_Generation = YES;
				INFOPLIST_KEY_UISupportedInterfaceOrientations_iPad = "UIInterfaceOrientationPortrait UIInterfaceOrientationPortraitUpsideDown UIInterfaceOrientationLandscapeLeft UIInterfaceOrientationLandscapeRight";
				INFOPLIST_KEY_UISupportedInterfaceOrientations_iPhone = "UIInterfaceOrientationPortrait UIInterfaceOrientationLandscapeLeft UIInterfaceOrientationLandscapeRight";
				IPHONEOS_DEPLOYMENT_TARGET = 17.6;
				LD_RUNPATH_SEARCH_PATHS = (
					"$(inherited)",
					"@executable_path/Frameworks",
				);
				MARKETING_VERSION = 1.0;
				PRODUCT_BUNDLE_IDENTIFIER = net.criticalmaps.SettingsFeaturePreview;
				PRODUCT_NAME = "$(TARGET_NAME)";
				SWIFT_EMIT_LOC_STRINGS = YES;
				SWIFT_VERSION = 5.0;
				TARGETED_DEVICE_FAMILY = "1,2";
			};
			name = Debug;
		};
		73238EDB277328A0003DE01F /* Release */ = {
			isa = XCBuildConfiguration;
			buildSettings = {
				ASSETCATALOG_COMPILER_APPICON_NAME = AppIcon;
				ASSETCATALOG_COMPILER_GLOBAL_ACCENT_COLOR_NAME = AccentColor;
				CLANG_CXX_LANGUAGE_STANDARD = "gnu++17";
				CODE_SIGN_STYLE = Automatic;
				CURRENT_PROJECT_VERSION = 1;
				DEVELOPMENT_ASSET_PATHS = "";
				DEVELOPMENT_TEAM = QDDL89SBZ7;
				ENABLE_PREVIEWS = YES;
				GENERATE_INFOPLIST_FILE = YES;
				INFOPLIST_KEY_UIApplicationSceneManifest_Generation = YES;
				INFOPLIST_KEY_UIApplicationSupportsIndirectInputEvents = YES;
				INFOPLIST_KEY_UILaunchScreen_Generation = YES;
				INFOPLIST_KEY_UISupportedInterfaceOrientations_iPad = "UIInterfaceOrientationPortrait UIInterfaceOrientationPortraitUpsideDown UIInterfaceOrientationLandscapeLeft UIInterfaceOrientationLandscapeRight";
				INFOPLIST_KEY_UISupportedInterfaceOrientations_iPhone = "UIInterfaceOrientationPortrait UIInterfaceOrientationLandscapeLeft UIInterfaceOrientationLandscapeRight";
				IPHONEOS_DEPLOYMENT_TARGET = 17.6;
				LD_RUNPATH_SEARCH_PATHS = (
					"$(inherited)",
					"@executable_path/Frameworks",
				);
				MARKETING_VERSION = 1.0;
				PRODUCT_BUNDLE_IDENTIFIER = net.criticalmaps.SettingsFeaturePreview;
				PRODUCT_NAME = "$(TARGET_NAME)";
				SWIFT_EMIT_LOC_STRINGS = YES;
				SWIFT_VERSION = 5.0;
				TARGETED_DEVICE_FAMILY = "1,2";
			};
			name = Release;
		};
		73CF5FE5263EAF5C001925A3 /* Debug */ = {
			isa = XCBuildConfiguration;
			buildSettings = {
				ALWAYS_SEARCH_USER_PATHS = NO;
				CLANG_ANALYZER_LOCALIZABILITY_NONLOCALIZED = YES;
				CLANG_ANALYZER_NONNULL = YES;
				CLANG_ANALYZER_NUMBER_OBJECT_CONVERSION = YES_AGGRESSIVE;
				CLANG_CXX_LANGUAGE_STANDARD = "gnu++14";
				CLANG_CXX_LIBRARY = "libc++";
				CLANG_ENABLE_MODULES = YES;
				CLANG_ENABLE_OBJC_ARC = YES;
				CLANG_ENABLE_OBJC_WEAK = YES;
				CLANG_WARN_BLOCK_CAPTURE_AUTORELEASING = YES;
				CLANG_WARN_BOOL_CONVERSION = YES;
				CLANG_WARN_COMMA = YES;
				CLANG_WARN_CONSTANT_CONVERSION = YES;
				CLANG_WARN_DEPRECATED_OBJC_IMPLEMENTATIONS = YES;
				CLANG_WARN_DIRECT_OBJC_ISA_USAGE = YES_ERROR;
				CLANG_WARN_DOCUMENTATION_COMMENTS = YES;
				CLANG_WARN_EMPTY_BODY = YES;
				CLANG_WARN_ENUM_CONVERSION = YES;
				CLANG_WARN_INFINITE_RECURSION = YES;
				CLANG_WARN_INT_CONVERSION = YES;
				CLANG_WARN_NON_LITERAL_NULL_CONVERSION = YES;
				CLANG_WARN_OBJC_IMPLICIT_RETAIN_SELF = YES;
				CLANG_WARN_OBJC_LITERAL_CONVERSION = YES;
				CLANG_WARN_OBJC_ROOT_CLASS = YES_ERROR;
				CLANG_WARN_QUOTED_INCLUDE_IN_FRAMEWORK_HEADER = YES;
				CLANG_WARN_RANGE_LOOP_ANALYSIS = YES;
				CLANG_WARN_STRICT_PROTOTYPES = YES;
				CLANG_WARN_SUSPICIOUS_MOVE = YES;
				CLANG_WARN_UNGUARDED_AVAILABILITY = YES_AGGRESSIVE;
				CLANG_WARN_UNREACHABLE_CODE = YES;
				CLANG_WARN__DUPLICATE_METHOD_MATCH = YES;
				COPY_PHASE_STRIP = NO;
				DEBUG_INFORMATION_FORMAT = dwarf;
				ENABLE_STRICT_OBJC_MSGSEND = YES;
				ENABLE_TESTABILITY = YES;
				ENABLE_USER_SCRIPT_SANDBOXING = YES;
				GCC_C_LANGUAGE_STANDARD = gnu11;
				GCC_DYNAMIC_NO_PIC = NO;
				GCC_NO_COMMON_BLOCKS = YES;
				GCC_OPTIMIZATION_LEVEL = 0;
				GCC_PREPROCESSOR_DEFINITIONS = (
					"DEBUG=1",
					"$(inherited)",
				);
				GCC_WARN_64_TO_32_BIT_CONVERSION = YES;
				GCC_WARN_ABOUT_RETURN_TYPE = YES_ERROR;
				GCC_WARN_UNDECLARED_SELECTOR = YES;
				GCC_WARN_UNINITIALIZED_AUTOS = YES_AGGRESSIVE;
				GCC_WARN_UNUSED_FUNCTION = YES;
				GCC_WARN_UNUSED_VARIABLE = YES;
				IPHONEOS_DEPLOYMENT_TARGET = 17.6;
				MTL_ENABLE_DEBUG_INFO = INCLUDE_SOURCE;
				MTL_FAST_MATH = YES;
				ONLY_ACTIVE_ARCH = YES;
				SDKROOT = iphoneos;
				SWIFT_ACTIVE_COMPILATION_CONDITIONS = DEBUG;
				SWIFT_OPTIMIZATION_LEVEL = "-Onone";
				SWIFT_STRICT_CONCURRENCY = complete;
				SWIFT_VERSION = 6.0;
			};
			name = Debug;
		};
		73CF5FE6263EAF5C001925A3 /* Release */ = {
			isa = XCBuildConfiguration;
			buildSettings = {
				ALWAYS_SEARCH_USER_PATHS = NO;
				CLANG_ANALYZER_LOCALIZABILITY_NONLOCALIZED = YES;
				CLANG_ANALYZER_NONNULL = YES;
				CLANG_ANALYZER_NUMBER_OBJECT_CONVERSION = YES_AGGRESSIVE;
				CLANG_CXX_LANGUAGE_STANDARD = "gnu++14";
				CLANG_CXX_LIBRARY = "libc++";
				CLANG_ENABLE_MODULES = YES;
				CLANG_ENABLE_OBJC_ARC = YES;
				CLANG_ENABLE_OBJC_WEAK = YES;
				CLANG_WARN_BLOCK_CAPTURE_AUTORELEASING = YES;
				CLANG_WARN_BOOL_CONVERSION = YES;
				CLANG_WARN_COMMA = YES;
				CLANG_WARN_CONSTANT_CONVERSION = YES;
				CLANG_WARN_DEPRECATED_OBJC_IMPLEMENTATIONS = YES;
				CLANG_WARN_DIRECT_OBJC_ISA_USAGE = YES_ERROR;
				CLANG_WARN_DOCUMENTATION_COMMENTS = YES;
				CLANG_WARN_EMPTY_BODY = YES;
				CLANG_WARN_ENUM_CONVERSION = YES;
				CLANG_WARN_INFINITE_RECURSION = YES;
				CLANG_WARN_INT_CONVERSION = YES;
				CLANG_WARN_NON_LITERAL_NULL_CONVERSION = YES;
				CLANG_WARN_OBJC_IMPLICIT_RETAIN_SELF = YES;
				CLANG_WARN_OBJC_LITERAL_CONVERSION = YES;
				CLANG_WARN_OBJC_ROOT_CLASS = YES_ERROR;
				CLANG_WARN_QUOTED_INCLUDE_IN_FRAMEWORK_HEADER = YES;
				CLANG_WARN_RANGE_LOOP_ANALYSIS = YES;
				CLANG_WARN_STRICT_PROTOTYPES = YES;
				CLANG_WARN_SUSPICIOUS_MOVE = YES;
				CLANG_WARN_UNGUARDED_AVAILABILITY = YES_AGGRESSIVE;
				CLANG_WARN_UNREACHABLE_CODE = YES;
				CLANG_WARN__DUPLICATE_METHOD_MATCH = YES;
				COPY_PHASE_STRIP = NO;
				DEBUG_INFORMATION_FORMAT = "dwarf-with-dsym";
				ENABLE_NS_ASSERTIONS = NO;
				ENABLE_STRICT_OBJC_MSGSEND = YES;
				ENABLE_USER_SCRIPT_SANDBOXING = YES;
				GCC_C_LANGUAGE_STANDARD = gnu11;
				GCC_NO_COMMON_BLOCKS = YES;
				GCC_WARN_64_TO_32_BIT_CONVERSION = YES;
				GCC_WARN_ABOUT_RETURN_TYPE = YES_ERROR;
				GCC_WARN_UNDECLARED_SELECTOR = YES;
				GCC_WARN_UNINITIALIZED_AUTOS = YES_AGGRESSIVE;
				GCC_WARN_UNUSED_FUNCTION = YES;
				GCC_WARN_UNUSED_VARIABLE = YES;
				IPHONEOS_DEPLOYMENT_TARGET = 17.6;
				MTL_ENABLE_DEBUG_INFO = NO;
				MTL_FAST_MATH = YES;
				SDKROOT = iphoneos;
				SWIFT_COMPILATION_MODE = wholemodule;
				SWIFT_OPTIMIZATION_LEVEL = "-O";
				SWIFT_STRICT_CONCURRENCY = complete;
				SWIFT_VERSION = 6.0;
				VALIDATE_PRODUCT = YES;
			};
			name = Release;
		};
		73CF5FE8263EAF5C001925A3 /* Debug */ = {
			isa = XCBuildConfiguration;
			buildSettings = {
				ASSETCATALOG_COMPILER_APPICON_NAME = cmAppIcon;
				ASSETCATALOG_COMPILER_GLOBAL_ACCENT_COLOR_NAME = AccentColor;
				ASSETCATALOG_COMPILER_INCLUDE_ALL_APPICON_ASSETS = YES;
				CODE_SIGN_IDENTITY = "iPhone Distribution";
				CODE_SIGN_STYLE = Manual;
				CURRENT_PROJECT_VERSION = 241028;
				DEVELOPMENT_TEAM = 5YLLXUZBZ2;
				"DEVELOPMENT_TEAM[sdk=iphoneos*]" = 5YLLXUZBZ2;
				ENABLE_PREVIEWS = YES;
				INFOPLIST_FILE = "$(SRCROOT)/iOS/Info.plist";
				INFOPLIST_KEY_LSApplicationCategoryType = "public.app-category.navigation";
				IPHONEOS_DEPLOYMENT_TARGET = 17;
				LD_RUNPATH_SEARCH_PATHS = (
					"$(inherited)",
					"@executable_path/Frameworks",
				);
				MARKETING_VERSION = 4.5.0;
				PRODUCT_BUNDLE_IDENTIFIER = de.pokuslabs.criticalmassberlin;
				PRODUCT_NAME = "$(TARGET_NAME)";
				PROVISIONING_PROFILE_SPECIFIER = "Critical Maps Prov Profile";
				"PROVISIONING_PROFILE_SPECIFIER[sdk=iphoneos*]" = "Criticalmaps dist";
				RUN_DOCUMENTATION_COMPILER = NO;
				SWIFT_STRICT_CONCURRENCY = complete;
				SWIFT_VERSION = 6.0;
				TARGETED_DEVICE_FAMILY = "1,2";
			};
			name = Debug;
		};
		73CF5FE9263EAF5C001925A3 /* Release */ = {
			isa = XCBuildConfiguration;
			buildSettings = {
				ASSETCATALOG_COMPILER_APPICON_NAME = cmAppIcon;
				ASSETCATALOG_COMPILER_GLOBAL_ACCENT_COLOR_NAME = AccentColor;
				ASSETCATALOG_COMPILER_INCLUDE_ALL_APPICON_ASSETS = YES;
				CODE_SIGN_IDENTITY = "iPhone Distribution";
				CODE_SIGN_STYLE = Manual;
				CURRENT_PROJECT_VERSION = 241028;
				DEVELOPMENT_TEAM = 5YLLXUZBZ2;
				"DEVELOPMENT_TEAM[sdk=iphoneos*]" = 5YLLXUZBZ2;
				ENABLE_PREVIEWS = YES;
				INFOPLIST_FILE = "$(SRCROOT)/iOS/Info.plist";
				INFOPLIST_KEY_LSApplicationCategoryType = "public.app-category.navigation";
				IPHONEOS_DEPLOYMENT_TARGET = 17;
				LD_RUNPATH_SEARCH_PATHS = (
					"$(inherited)",
					"@executable_path/Frameworks",
				);
				MARKETING_VERSION = 4.5.0;
				PRODUCT_BUNDLE_IDENTIFIER = de.pokuslabs.criticalmassberlin;
				PRODUCT_NAME = "$(TARGET_NAME)";
				PROVISIONING_PROFILE_SPECIFIER = "Critical Maps Prov Profile";
				"PROVISIONING_PROFILE_SPECIFIER[sdk=iphoneos*]" = "Criticalmaps dist";
				RUN_DOCUMENTATION_COMPILER = NO;
				SKIP_INSTALL = NO;
				SWIFT_STRICT_CONCURRENCY = complete;
				SWIFT_VERSION = 6.0;
				TARGETED_DEVICE_FAMILY = "1,2";
			};
			name = Release;
		};
		73FD0B3B2779F5510061539D /* Debug */ = {
			isa = XCBuildConfiguration;
			buildSettings = {
				ASSETCATALOG_COMPILER_APPICON_NAME = AppIcon;
				ASSETCATALOG_COMPILER_GLOBAL_ACCENT_COLOR_NAME = AccentColor;
				CLANG_CXX_LANGUAGE_STANDARD = "gnu++17";
				CODE_SIGN_STYLE = Automatic;
				CURRENT_PROJECT_VERSION = 1;
				DEVELOPMENT_ASSET_PATHS = "";
				DEVELOPMENT_TEAM = QDDL89SBZ7;
				ENABLE_PREVIEWS = YES;
				GENERATE_INFOPLIST_FILE = YES;
				INFOPLIST_KEY_UIApplicationSceneManifest_Generation = YES;
				INFOPLIST_KEY_UIApplicationSupportsIndirectInputEvents = YES;
				INFOPLIST_KEY_UILaunchScreen_Generation = YES;
				INFOPLIST_KEY_UISupportedInterfaceOrientations_iPad = "UIInterfaceOrientationPortrait UIInterfaceOrientationPortraitUpsideDown UIInterfaceOrientationLandscapeLeft UIInterfaceOrientationLandscapeRight";
				INFOPLIST_KEY_UISupportedInterfaceOrientations_iPhone = "UIInterfaceOrientationPortrait UIInterfaceOrientationLandscapeLeft UIInterfaceOrientationLandscapeRight";
				IPHONEOS_DEPLOYMENT_TARGET = 17.6;
				LD_RUNPATH_SEARCH_PATHS = (
					"$(inherited)",
					"@executable_path/Frameworks",
				);
				MARKETING_VERSION = 1.0;
				PRODUCT_BUNDLE_IDENTIFIER = net.criticalmaps.GuideFeaturePreview;
				PRODUCT_NAME = "$(TARGET_NAME)";
				SWIFT_EMIT_LOC_STRINGS = YES;
				SWIFT_VERSION = 5.0;
				TARGETED_DEVICE_FAMILY = "1,2";
			};
			name = Debug;
		};
		73FD0B3C2779F5510061539D /* Release */ = {
			isa = XCBuildConfiguration;
			buildSettings = {
				ASSETCATALOG_COMPILER_APPICON_NAME = AppIcon;
				ASSETCATALOG_COMPILER_GLOBAL_ACCENT_COLOR_NAME = AccentColor;
				CLANG_CXX_LANGUAGE_STANDARD = "gnu++17";
				CODE_SIGN_STYLE = Automatic;
				CURRENT_PROJECT_VERSION = 1;
				DEVELOPMENT_ASSET_PATHS = "";
				DEVELOPMENT_TEAM = QDDL89SBZ7;
				ENABLE_PREVIEWS = YES;
				GENERATE_INFOPLIST_FILE = YES;
				INFOPLIST_KEY_UIApplicationSceneManifest_Generation = YES;
				INFOPLIST_KEY_UIApplicationSupportsIndirectInputEvents = YES;
				INFOPLIST_KEY_UILaunchScreen_Generation = YES;
				INFOPLIST_KEY_UISupportedInterfaceOrientations_iPad = "UIInterfaceOrientationPortrait UIInterfaceOrientationPortraitUpsideDown UIInterfaceOrientationLandscapeLeft UIInterfaceOrientationLandscapeRight";
				INFOPLIST_KEY_UISupportedInterfaceOrientations_iPhone = "UIInterfaceOrientationPortrait UIInterfaceOrientationLandscapeLeft UIInterfaceOrientationLandscapeRight";
				IPHONEOS_DEPLOYMENT_TARGET = 17.6;
				LD_RUNPATH_SEARCH_PATHS = (
					"$(inherited)",
					"@executable_path/Frameworks",
				);
				MARKETING_VERSION = 1.0;
				PRODUCT_BUNDLE_IDENTIFIER = net.criticalmaps.GuideFeaturePreview;
				PRODUCT_NAME = "$(TARGET_NAME)";
				SWIFT_EMIT_LOC_STRINGS = YES;
				SWIFT_VERSION = 5.0;
				TARGETED_DEVICE_FAMILY = "1,2";
			};
			name = Release;
		};
/* End XCBuildConfiguration section */

/* Begin XCConfigurationList section */
		73238EC727728043003DE01F /* Build configuration list for PBXNativeTarget "ChatFeaturePreview" */ = {
			isa = XCConfigurationList;
			buildConfigurations = (
				73238EC527728043003DE01F /* Debug */,
				73238EC627728043003DE01F /* Release */,
			);
			defaultConfigurationIsVisible = 0;
			defaultConfigurationName = Release;
		};
		73238ED9277328A0003DE01F /* Build configuration list for PBXNativeTarget "SettingsFeaturePreview" */ = {
			isa = XCConfigurationList;
			buildConfigurations = (
				73238EDA277328A0003DE01F /* Debug */,
				73238EDB277328A0003DE01F /* Release */,
			);
			defaultConfigurationIsVisible = 0;
			defaultConfigurationName = Release;
		};
		73CF5FBD263EAF5B001925A3 /* Build configuration list for PBXProject "CriticalMaps" */ = {
			isa = XCConfigurationList;
			buildConfigurations = (
				73CF5FE5263EAF5C001925A3 /* Debug */,
				73CF5FE6263EAF5C001925A3 /* Release */,
			);
			defaultConfigurationIsVisible = 0;
			defaultConfigurationName = Release;
		};
		73CF5FE7263EAF5C001925A3 /* Build configuration list for PBXNativeTarget "Critical Maps" */ = {
			isa = XCConfigurationList;
			buildConfigurations = (
				73CF5FE8263EAF5C001925A3 /* Debug */,
				73CF5FE9263EAF5C001925A3 /* Release */,
			);
			defaultConfigurationIsVisible = 0;
			defaultConfigurationName = Release;
		};
		73FD0B3D2779F5510061539D /* Build configuration list for PBXNativeTarget "GuideFeaturePreview" */ = {
			isa = XCConfigurationList;
			buildConfigurations = (
				73FD0B3B2779F5510061539D /* Debug */,
				73FD0B3C2779F5510061539D /* Release */,
			);
			defaultConfigurationIsVisible = 0;
			defaultConfigurationName = Release;
		};
/* End XCConfigurationList section */

/* Begin XCSwiftPackageProductDependency section */
		731CFCC8267A745600F1093B /* AppFeature */ = {
			isa = XCSwiftPackageProductDependency;
			productName = AppFeature;
		};
		73238EC827728081003DE01F /* ChatFeature */ = {
			isa = XCSwiftPackageProductDependency;
			productName = ChatFeature;
		};
		73238EDC277328E8003DE01F /* SettingsFeature */ = {
			isa = XCSwiftPackageProductDependency;
			productName = SettingsFeature;
		};
		73CA22F92D4158650040C7CF /* GuideFeature */ = {
			isa = XCSwiftPackageProductDependency;
			productName = GuideFeature;
		};
/* End XCSwiftPackageProductDependency section */
	};
	rootObject = 73CF5FBA263EAF5B001925A3 /* Project object */;
}
