// !$*UTF8*$!
{
	archiveVersion = 1;
	classes = {
	};
	objectVersion = 46;
	objects = {

/* Begin PBXBuildFile section */
		8699EC9F4022B090262049D1 /* libPods-CriticalMaps.a in Frameworks */ = {isa = PBXBuildFile; fileRef = 91EC6282437633054D179F01 /* libPods-CriticalMaps.a */; };
		941511091A10004D0010205B /* PLTwitterViewController.m in Sources */ = {isa = PBXBuildFile; fileRef = 941511081A10004D0010205B /* PLTwitterViewController.m */; };
		942B71B61A5770CA00D02CA1 /* PLTwitterTableViewCell.m in Sources */ = {isa = PBXBuildFile; fileRef = 942B71B51A5770CA00D02CA1 /* PLTwitterTableViewCell.m */; };
		942E2D8219C316BD00BF92D7 /* PLUtils.m in Sources */ = {isa = PBXBuildFile; fileRef = 942E2D8119C316BD00BF92D7 /* PLUtils.m */; };
		945441AE1A111A6A00C8024F /* PLLabel.m in Sources */ = {isa = PBXBuildFile; fileRef = 945441AD1A111A6A00C8024F /* PLLabel.m */; };
		94591A6B1A6C67640080BCEC /* PLChatViewController.m in Sources */ = {isa = PBXBuildFile; fileRef = 94591A6A1A6C67640080BCEC /* PLChatViewController.m */; };
		945AD4841B94FDF600C7B6E9 /* Main.storyboard in Resources */ = {isa = PBXBuildFile; fileRef = 945AD4831B94FDF600C7B6E9 /* Main.storyboard */; };
		94709B0219CA705A003E9583 /* PLInfoOverlayView.m in Sources */ = {isa = PBXBuildFile; fileRef = 94709B0119CA705A003E9583 /* PLInfoOverlayView.m */; };
		9474656419CA3078005485BD /* PLSettingsTableViewController.m in Sources */ = {isa = PBXBuildFile; fileRef = 9474656319CA3078005485BD /* PLSettingsTableViewController.m */; };
		9484E8031A62E63F0007F9F3 /* HOButton.m in Sources */ = {isa = PBXBuildFile; fileRef = 9484E8021A62E63F0007F9F3 /* HOButton.m */; };
		9489D88C1B768274001E746C /* Localizable.strings in Resources */ = {isa = PBXBuildFile; fileRef = 9489D88E1B768274001E746C /* Localizable.strings */; };
		94A9C1AF19BF43AB0027C5DC /* PLDataModel.m in Sources */ = {isa = PBXBuildFile; fileRef = 94A9C1AE19BF43AB0027C5DC /* PLDataModel.m */; };
		94AD50461A963D0600547B40 /* PLChatModel.m in Sources */ = {isa = PBXBuildFile; fileRef = 94AD50451A963D0600547B40 /* PLChatModel.m */; };
		94CF086019BDEAF2009FFF43 /* Foundation.framework in Frameworks */ = {isa = PBXBuildFile; fileRef = 94CF085F19BDEAF2009FFF43 /* Foundation.framework */; };
		94CF086219BDEAF2009FFF43 /* CoreGraphics.framework in Frameworks */ = {isa = PBXBuildFile; fileRef = 94CF086119BDEAF2009FFF43 /* CoreGraphics.framework */; };
		94CF086419BDEAF2009FFF43 /* UIKit.framework in Frameworks */ = {isa = PBXBuildFile; fileRef = 94CF086319BDEAF2009FFF43 /* UIKit.framework */; };
		94CF086A19BDEAF2009FFF43 /* InfoPlist.strings in Resources */ = {isa = PBXBuildFile; fileRef = 94CF086819BDEAF2009FFF43 /* InfoPlist.strings */; };
		94CF086C19BDEAF2009FFF43 /* main.m in Sources */ = {isa = PBXBuildFile; fileRef = 94CF086B19BDEAF2009FFF43 /* main.m */; };
		94CF087019BDEAF2009FFF43 /* PLAppDelegate.m in Sources */ = {isa = PBXBuildFile; fileRef = 94CF086F19BDEAF2009FFF43 /* PLAppDelegate.m */; };
		94CF087219BDEAF2009FFF43 /* Images.xcassets in Resources */ = {isa = PBXBuildFile; fileRef = 94CF087119BDEAF2009FFF43 /* Images.xcassets */; };
		94CF087919BDEAF2009FFF43 /* XCTest.framework in Frameworks */ = {isa = PBXBuildFile; fileRef = 94CF087819BDEAF2009FFF43 /* XCTest.framework */; };
		94CF087A19BDEAF2009FFF43 /* Foundation.framework in Frameworks */ = {isa = PBXBuildFile; fileRef = 94CF085F19BDEAF2009FFF43 /* Foundation.framework */; };
		94CF087B19BDEAF2009FFF43 /* UIKit.framework in Frameworks */ = {isa = PBXBuildFile; fileRef = 94CF086319BDEAF2009FFF43 /* UIKit.framework */; };
		94CF088319BDEAF2009FFF43 /* InfoPlist.strings in Resources */ = {isa = PBXBuildFile; fileRef = 94CF088119BDEAF2009FFF43 /* InfoPlist.strings */; };
		94CF088519BDEAF2009FFF43 /* CriticalMassTests.m in Sources */ = {isa = PBXBuildFile; fileRef = 94CF088419BDEAF2009FFF43 /* CriticalMassTests.m */; };
		94CF089319BDEC9C009FFF43 /* PLMapViewController.m in Sources */ = {isa = PBXBuildFile; fileRef = 94CF089219BDEC9C009FFF43 /* PLMapViewController.m */; };
		94CF089619BDECAE009FFF43 /* PLRulesViewController.m in Sources */ = {isa = PBXBuildFile; fileRef = 94CF089519BDECAE009FFF43 /* PLRulesViewController.m */; };
		94CF089919BDF227009FFF43 /* PLTabBarController.m in Sources */ = {isa = PBXBuildFile; fileRef = 94CF089819BDF227009FFF43 /* PLTabBarController.m */; };
		94DC348E1A9E5C39000E9D85 /* PLChatObject.m in Sources */ = {isa = PBXBuildFile; fileRef = 94DC348D1A9E5C39000E9D85 /* PLChatObject.m */; };
		94ECBDA61AD1B7CC00A8D75A /* UIColor+Helper.m in Sources */ = {isa = PBXBuildFile; fileRef = 94ECBDA51AD1B7CC00A8D75A /* UIColor+Helper.m */; };
		94F0304919C1E4EC00F86611 /* PLConstants.m in Sources */ = {isa = PBXBuildFile; fileRef = 94F0304819C1E4EC00F86611 /* PLConstants.m */; };
/* End PBXBuildFile section */

/* Begin PBXContainerItemProxy section */
		94CF087C19BDEAF2009FFF43 /* PBXContainerItemProxy */ = {
			isa = PBXContainerItemProxy;
			containerPortal = 94CF085419BDEAF2009FFF43 /* Project object */;
			proxyType = 1;
			remoteGlobalIDString = 94CF085B19BDEAF2009FFF43;
			remoteInfo = CriticalMass;
		};
/* End PBXContainerItemProxy section */

/* Begin PBXFileReference section */
		07303299525BE9DE73397506 /* Pods-CriticalMaps.release.xcconfig */ = {isa = PBXFileReference; includeInIndex = 1; lastKnownFileType = text.xcconfig; name = "Pods-CriticalMaps.release.xcconfig"; path = "Pods/Target Support Files/Pods-CriticalMaps/Pods-CriticalMaps.release.xcconfig"; sourceTree = "<group>"; };
		91EC6282437633054D179F01 /* libPods-CriticalMaps.a */ = {isa = PBXFileReference; explicitFileType = archive.ar; includeInIndex = 0; path = "libPods-CriticalMaps.a"; sourceTree = BUILT_PRODUCTS_DIR; };
		941511071A10004D0010205B /* PLTwitterViewController.h */ = {isa = PBXFileReference; fileEncoding = 4; lastKnownFileType = sourcecode.c.h; path = PLTwitterViewController.h; sourceTree = "<group>"; };
		941511081A10004D0010205B /* PLTwitterViewController.m */ = {isa = PBXFileReference; fileEncoding = 4; lastKnownFileType = sourcecode.c.objc; path = PLTwitterViewController.m; sourceTree = "<group>"; };
		942B71B41A5770CA00D02CA1 /* PLTwitterTableViewCell.h */ = {isa = PBXFileReference; fileEncoding = 4; lastKnownFileType = sourcecode.c.h; path = PLTwitterTableViewCell.h; sourceTree = "<group>"; };
		942B71B51A5770CA00D02CA1 /* PLTwitterTableViewCell.m */ = {isa = PBXFileReference; fileEncoding = 4; lastKnownFileType = sourcecode.c.objc; path = PLTwitterTableViewCell.m; sourceTree = "<group>"; };
		942E2D8019C316BD00BF92D7 /* PLUtils.h */ = {isa = PBXFileReference; fileEncoding = 4; lastKnownFileType = sourcecode.c.h; path = PLUtils.h; sourceTree = "<group>"; };
		942E2D8119C316BD00BF92D7 /* PLUtils.m */ = {isa = PBXFileReference; fileEncoding = 4; lastKnownFileType = sourcecode.c.objc; path = PLUtils.m; sourceTree = "<group>"; };
		945441AC1A111A6A00C8024F /* PLLabel.h */ = {isa = PBXFileReference; fileEncoding = 4; lastKnownFileType = sourcecode.c.h; path = PLLabel.h; sourceTree = "<group>"; };
		945441AD1A111A6A00C8024F /* PLLabel.m */ = {isa = PBXFileReference; fileEncoding = 4; lastKnownFileType = sourcecode.c.objc; path = PLLabel.m; sourceTree = "<group>"; };
		94591A691A6C67640080BCEC /* PLChatViewController.h */ = {isa = PBXFileReference; fileEncoding = 4; lastKnownFileType = sourcecode.c.h; path = PLChatViewController.h; sourceTree = "<group>"; };
		94591A6A1A6C67640080BCEC /* PLChatViewController.m */ = {isa = PBXFileReference; fileEncoding = 4; lastKnownFileType = sourcecode.c.objc; path = PLChatViewController.m; sourceTree = "<group>"; };
		945AD4831B94FDF600C7B6E9 /* Main.storyboard */ = {isa = PBXFileReference; fileEncoding = 4; lastKnownFileType = file.storyboard; path = Main.storyboard; sourceTree = "<group>"; };
		94709B0019CA705A003E9583 /* PLInfoOverlayView.h */ = {isa = PBXFileReference; fileEncoding = 4; lastKnownFileType = sourcecode.c.h; path = PLInfoOverlayView.h; sourceTree = "<group>"; };
		94709B0119CA705A003E9583 /* PLInfoOverlayView.m */ = {isa = PBXFileReference; fileEncoding = 4; lastKnownFileType = sourcecode.c.objc; path = PLInfoOverlayView.m; sourceTree = "<group>"; };
		9474656219CA3078005485BD /* PLSettingsTableViewController.h */ = {isa = PBXFileReference; fileEncoding = 4; lastKnownFileType = sourcecode.c.h; path = PLSettingsTableViewController.h; sourceTree = "<group>"; };
		9474656319CA3078005485BD /* PLSettingsTableViewController.m */ = {isa = PBXFileReference; fileEncoding = 4; lastKnownFileType = sourcecode.c.objc; path = PLSettingsTableViewController.m; sourceTree = "<group>"; };
		9484E8011A62E63F0007F9F3 /* HOButton.h */ = {isa = PBXFileReference; fileEncoding = 4; lastKnownFileType = sourcecode.c.h; path = HOButton.h; sourceTree = "<group>"; };
		9484E8021A62E63F0007F9F3 /* HOButton.m */ = {isa = PBXFileReference; fileEncoding = 4; lastKnownFileType = sourcecode.c.objc; path = HOButton.m; sourceTree = "<group>"; };
		9489D88A1B7681AF001E746C /* de */ = {isa = PBXFileReference; lastKnownFileType = text.plist.strings; name = de; path = de.lproj/InfoPlist.strings; sourceTree = "<group>"; };
		9489D88B1B7681AF001E746C /* de */ = {isa = PBXFileReference; lastKnownFileType = text.plist.strings; name = de; path = de.lproj/InfoPlist.strings; sourceTree = "<group>"; };
		9489D88D1B768274001E746C /* en */ = {isa = PBXFileReference; lastKnownFileType = text.plist.strings; name = en; path = en.lproj/Localizable.strings; sourceTree = "<group>"; };
		9489D88F1B768279001E746C /* de */ = {isa = PBXFileReference; lastKnownFileType = text.plist.strings; name = de; path = de.lproj/Localizable.strings; sourceTree = "<group>"; };
		94A9C1AD19BF43AB0027C5DC /* PLDataModel.h */ = {isa = PBXFileReference; fileEncoding = 4; lastKnownFileType = sourcecode.c.h; path = PLDataModel.h; sourceTree = "<group>"; };
		94A9C1AE19BF43AB0027C5DC /* PLDataModel.m */ = {isa = PBXFileReference; fileEncoding = 4; lastKnownFileType = sourcecode.c.objc; path = PLDataModel.m; sourceTree = "<group>"; };
		94AD50441A963D0600547B40 /* PLChatModel.h */ = {isa = PBXFileReference; fileEncoding = 4; lastKnownFileType = sourcecode.c.h; path = PLChatModel.h; sourceTree = "<group>"; };
		94AD50451A963D0600547B40 /* PLChatModel.m */ = {isa = PBXFileReference; fileEncoding = 4; lastKnownFileType = sourcecode.c.objc; path = PLChatModel.m; sourceTree = "<group>"; };
		94CF085C19BDEAF2009FFF43 /* CriticalMaps.app */ = {isa = PBXFileReference; explicitFileType = wrapper.application; includeInIndex = 0; path = CriticalMaps.app; sourceTree = BUILT_PRODUCTS_DIR; };
		94CF085F19BDEAF2009FFF43 /* Foundation.framework */ = {isa = PBXFileReference; lastKnownFileType = wrapper.framework; name = Foundation.framework; path = System/Library/Frameworks/Foundation.framework; sourceTree = SDKROOT; };
		94CF086119BDEAF2009FFF43 /* CoreGraphics.framework */ = {isa = PBXFileReference; lastKnownFileType = wrapper.framework; name = CoreGraphics.framework; path = System/Library/Frameworks/CoreGraphics.framework; sourceTree = SDKROOT; };
		94CF086319BDEAF2009FFF43 /* UIKit.framework */ = {isa = PBXFileReference; lastKnownFileType = wrapper.framework; name = UIKit.framework; path = System/Library/Frameworks/UIKit.framework; sourceTree = SDKROOT; };
		94CF086719BDEAF2009FFF43 /* CriticalMaps-Info.plist */ = {isa = PBXFileReference; lastKnownFileType = text.plist.xml; path = "CriticalMaps-Info.plist"; sourceTree = "<group>"; };
		94CF086919BDEAF2009FFF43 /* en */ = {isa = PBXFileReference; lastKnownFileType = text.plist.strings; name = en; path = en.lproj/InfoPlist.strings; sourceTree = "<group>"; };
		94CF086B19BDEAF2009FFF43 /* main.m */ = {isa = PBXFileReference; lastKnownFileType = sourcecode.c.objc; path = main.m; sourceTree = "<group>"; };
		94CF086D19BDEAF2009FFF43 /* CriticalMaps-Prefix.pch */ = {isa = PBXFileReference; lastKnownFileType = sourcecode.c.h; path = "CriticalMaps-Prefix.pch"; sourceTree = "<group>"; };
		94CF086E19BDEAF2009FFF43 /* PLAppDelegate.h */ = {isa = PBXFileReference; lastKnownFileType = sourcecode.c.h; path = PLAppDelegate.h; sourceTree = "<group>"; };
		94CF086F19BDEAF2009FFF43 /* PLAppDelegate.m */ = {isa = PBXFileReference; lastKnownFileType = sourcecode.c.objc; path = PLAppDelegate.m; sourceTree = "<group>"; };
		94CF087119BDEAF2009FFF43 /* Images.xcassets */ = {isa = PBXFileReference; lastKnownFileType = folder.assetcatalog; path = Images.xcassets; sourceTree = "<group>"; };
		94CF087719BDEAF2009FFF43 /* CriticalMapsTests.xctest */ = {isa = PBXFileReference; explicitFileType = wrapper.cfbundle; includeInIndex = 0; path = CriticalMapsTests.xctest; sourceTree = BUILT_PRODUCTS_DIR; };
		94CF087819BDEAF2009FFF43 /* XCTest.framework */ = {isa = PBXFileReference; lastKnownFileType = wrapper.framework; name = XCTest.framework; path = Library/Frameworks/XCTest.framework; sourceTree = DEVELOPER_DIR; };
		94CF088019BDEAF2009FFF43 /* CriticalMapsTests-Info.plist */ = {isa = PBXFileReference; lastKnownFileType = text.plist.xml; path = "CriticalMapsTests-Info.plist"; sourceTree = "<group>"; };
		94CF088219BDEAF2009FFF43 /* en */ = {isa = PBXFileReference; lastKnownFileType = text.plist.strings; name = en; path = en.lproj/InfoPlist.strings; sourceTree = "<group>"; };
		94CF088419BDEAF2009FFF43 /* CriticalMassTests.m */ = {isa = PBXFileReference; lastKnownFileType = sourcecode.c.objc; path = CriticalMassTests.m; sourceTree = "<group>"; };
		94CF089119BDEC9C009FFF43 /* PLMapViewController.h */ = {isa = PBXFileReference; fileEncoding = 4; lastKnownFileType = sourcecode.c.h; path = PLMapViewController.h; sourceTree = "<group>"; };
		94CF089219BDEC9C009FFF43 /* PLMapViewController.m */ = {isa = PBXFileReference; fileEncoding = 4; lastKnownFileType = sourcecode.c.objc; path = PLMapViewController.m; sourceTree = "<group>"; };
		94CF089419BDECAE009FFF43 /* PLRulesViewController.h */ = {isa = PBXFileReference; fileEncoding = 4; lastKnownFileType = sourcecode.c.h; path = PLRulesViewController.h; sourceTree = "<group>"; };
		94CF089519BDECAE009FFF43 /* PLRulesViewController.m */ = {isa = PBXFileReference; fileEncoding = 4; lastKnownFileType = sourcecode.c.objc; path = PLRulesViewController.m; sourceTree = "<group>"; };
		94CF089719BDF227009FFF43 /* PLTabBarController.h */ = {isa = PBXFileReference; fileEncoding = 4; lastKnownFileType = sourcecode.c.h; path = PLTabBarController.h; sourceTree = "<group>"; };
		94CF089819BDF227009FFF43 /* PLTabBarController.m */ = {isa = PBXFileReference; fileEncoding = 4; lastKnownFileType = sourcecode.c.objc; path = PLTabBarController.m; sourceTree = "<group>"; };
		94DC348C1A9E5C39000E9D85 /* PLChatObject.h */ = {isa = PBXFileReference; fileEncoding = 4; lastKnownFileType = sourcecode.c.h; path = PLChatObject.h; sourceTree = "<group>"; };
		94DC348D1A9E5C39000E9D85 /* PLChatObject.m */ = {isa = PBXFileReference; fileEncoding = 4; lastKnownFileType = sourcecode.c.objc; path = PLChatObject.m; sourceTree = "<group>"; };
		94ECBDA41AD1B7CC00A8D75A /* UIColor+Helper.h */ = {isa = PBXFileReference; fileEncoding = 4; lastKnownFileType = sourcecode.c.h; path = "UIColor+Helper.h"; sourceTree = "<group>"; };
		94ECBDA51AD1B7CC00A8D75A /* UIColor+Helper.m */ = {isa = PBXFileReference; fileEncoding = 4; lastKnownFileType = sourcecode.c.objc; path = "UIColor+Helper.m"; sourceTree = "<group>"; };
		94F0304719C1E4EC00F86611 /* PLConstants.h */ = {isa = PBXFileReference; fileEncoding = 4; lastKnownFileType = sourcecode.c.h; path = PLConstants.h; sourceTree = "<group>"; };
		94F0304819C1E4EC00F86611 /* PLConstants.m */ = {isa = PBXFileReference; fileEncoding = 4; lastKnownFileType = sourcecode.c.objc; path = PLConstants.m; sourceTree = "<group>"; };
		EABC16C259C48FC560C79864 /* Pods-CriticalMaps.debug.xcconfig */ = {isa = PBXFileReference; includeInIndex = 1; lastKnownFileType = text.xcconfig; name = "Pods-CriticalMaps.debug.xcconfig"; path = "Pods/Target Support Files/Pods-CriticalMaps/Pods-CriticalMaps.debug.xcconfig"; sourceTree = "<group>"; };
/* End PBXFileReference section */

/* Begin PBXFrameworksBuildPhase section */
		94CF085919BDEAF2009FFF43 /* Frameworks */ = {
			isa = PBXFrameworksBuildPhase;
			buildActionMask = 2147483647;
			files = (
				94CF086219BDEAF2009FFF43 /* CoreGraphics.framework in Frameworks */,
				94CF086419BDEAF2009FFF43 /* UIKit.framework in Frameworks */,
				94CF086019BDEAF2009FFF43 /* Foundation.framework in Frameworks */,
				8699EC9F4022B090262049D1 /* libPods-CriticalMaps.a in Frameworks */,
			);
			runOnlyForDeploymentPostprocessing = 0;
		};
		94CF087419BDEAF2009FFF43 /* Frameworks */ = {
			isa = PBXFrameworksBuildPhase;
			buildActionMask = 2147483647;
			files = (
				94CF087919BDEAF2009FFF43 /* XCTest.framework in Frameworks */,
				94CF087B19BDEAF2009FFF43 /* UIKit.framework in Frameworks */,
				94CF087A19BDEAF2009FFF43 /* Foundation.framework in Frameworks */,
			);
			runOnlyForDeploymentPostprocessing = 0;
		};
/* End PBXFrameworksBuildPhase section */

/* Begin PBXGroup section */
		82C1F2020C91392FCCBF8514 /* Pods */ = {
			isa = PBXGroup;
			children = (
				EABC16C259C48FC560C79864 /* Pods-CriticalMaps.debug.xcconfig */,
				07303299525BE9DE73397506 /* Pods-CriticalMaps.release.xcconfig */,
			);
			name = Pods;
			sourceTree = "<group>";
		};
		94AD50471A963D1600547B40 /* Model */ = {
			isa = PBXGroup;
			children = (
				94A9C1AD19BF43AB0027C5DC /* PLDataModel.h */,
				94A9C1AE19BF43AB0027C5DC /* PLDataModel.m */,
				94AD50441A963D0600547B40 /* PLChatModel.h */,
				94AD50451A963D0600547B40 /* PLChatModel.m */,
				94DC348C1A9E5C39000E9D85 /* PLChatObject.h */,
				94DC348D1A9E5C39000E9D85 /* PLChatObject.m */,
			);
			name = Model;
			sourceTree = "<group>";
		};
		94AD50481A963DC800547B40 /* Controller */ = {
			isa = PBXGroup;
			children = (
				94CF089119BDEC9C009FFF43 /* PLMapViewController.h */,
				94CF089219BDEC9C009FFF43 /* PLMapViewController.m */,
				94CF089419BDECAE009FFF43 /* PLRulesViewController.h */,
				94CF089519BDECAE009FFF43 /* PLRulesViewController.m */,
				941511071A10004D0010205B /* PLTwitterViewController.h */,
				941511081A10004D0010205B /* PLTwitterViewController.m */,
				9474656219CA3078005485BD /* PLSettingsTableViewController.h */,
				9474656319CA3078005485BD /* PLSettingsTableViewController.m */,
				94591A691A6C67640080BCEC /* PLChatViewController.h */,
				94591A6A1A6C67640080BCEC /* PLChatViewController.m */,
				94CF089719BDF227009FFF43 /* PLTabBarController.h */,
				94CF089819BDF227009FFF43 /* PLTabBarController.m */,
			);
			name = Controller;
			sourceTree = "<group>";
		};
		94AD50491A963DFE00547B40 /* View */ = {
			isa = PBXGroup;
			children = (
				9484E8011A62E63F0007F9F3 /* HOButton.h */,
				9484E8021A62E63F0007F9F3 /* HOButton.m */,
				945441AC1A111A6A00C8024F /* PLLabel.h */,
				945441AD1A111A6A00C8024F /* PLLabel.m */,
				942B71B41A5770CA00D02CA1 /* PLTwitterTableViewCell.h */,
				942B71B51A5770CA00D02CA1 /* PLTwitterTableViewCell.m */,
				94709B0019CA705A003E9583 /* PLInfoOverlayView.h */,
				94709B0119CA705A003E9583 /* PLInfoOverlayView.m */,
			);
			name = View;
			sourceTree = "<group>";
		};
		94AD504A1A963E4E00547B40 /* Root */ = {
			isa = PBXGroup;
			children = (
				94CF086E19BDEAF2009FFF43 /* PLAppDelegate.h */,
				94CF086F19BDEAF2009FFF43 /* PLAppDelegate.m */,
				94F0304719C1E4EC00F86611 /* PLConstants.h */,
				94F0304819C1E4EC00F86611 /* PLConstants.m */,
				942E2D8019C316BD00BF92D7 /* PLUtils.h */,
				942E2D8119C316BD00BF92D7 /* PLUtils.m */,
				94ECBDA41AD1B7CC00A8D75A /* UIColor+Helper.h */,
				94ECBDA51AD1B7CC00A8D75A /* UIColor+Helper.m */,
			);
			name = Root;
			sourceTree = "<group>";
		};
		94CF085319BDEAF2009FFF43 = {
			isa = PBXGroup;
			children = (
				94CF086519BDEAF2009FFF43 /* CriticalMass */,
				94CF087E19BDEAF2009FFF43 /* CriticalMassTests */,
				94CF085E19BDEAF2009FFF43 /* Frameworks */,
				94CF085D19BDEAF2009FFF43 /* Products */,
				82C1F2020C91392FCCBF8514 /* Pods */,
			);
			sourceTree = "<group>";
		};
		94CF085D19BDEAF2009FFF43 /* Products */ = {
			isa = PBXGroup;
			children = (
				94CF085C19BDEAF2009FFF43 /* CriticalMaps.app */,
				94CF087719BDEAF2009FFF43 /* CriticalMapsTests.xctest */,
			);
			name = Products;
			sourceTree = "<group>";
		};
		94CF085E19BDEAF2009FFF43 /* Frameworks */ = {
			isa = PBXGroup;
			children = (
				94CF085F19BDEAF2009FFF43 /* Foundation.framework */,
				94CF086119BDEAF2009FFF43 /* CoreGraphics.framework */,
				94CF086319BDEAF2009FFF43 /* UIKit.framework */,
				94CF087819BDEAF2009FFF43 /* XCTest.framework */,
				91EC6282437633054D179F01 /* libPods-CriticalMaps.a */,
			);
			name = Frameworks;
			sourceTree = "<group>";
		};
		94CF086519BDEAF2009FFF43 /* CriticalMass */ = {
			isa = PBXGroup;
			children = (
				94CF087119BDEAF2009FFF43 /* Images.xcassets */,
				94AD504A1A963E4E00547B40 /* Root */,
				94AD50471A963D1600547B40 /* Model */,
				94AD50491A963DFE00547B40 /* View */,
				94AD50481A963DC800547B40 /* Controller */,
				94CF086619BDEAF2009FFF43 /* Supporting Files */,
				945AD4831B94FDF600C7B6E9 /* Main.storyboard */,
			);
			path = CriticalMass;
			sourceTree = "<group>";
		};
		94CF086619BDEAF2009FFF43 /* Supporting Files */ = {
			isa = PBXGroup;
			children = (
				94CF086719BDEAF2009FFF43 /* CriticalMaps-Info.plist */,
				94CF086819BDEAF2009FFF43 /* InfoPlist.strings */,
				94CF086B19BDEAF2009FFF43 /* main.m */,
				94CF086D19BDEAF2009FFF43 /* CriticalMaps-Prefix.pch */,
				9489D88E1B768274001E746C /* Localizable.strings */,
			);
			name = "Supporting Files";
			sourceTree = "<group>";
		};
		94CF087E19BDEAF2009FFF43 /* CriticalMassTests */ = {
			isa = PBXGroup;
			children = (
				94CF088419BDEAF2009FFF43 /* CriticalMassTests.m */,
				94CF087F19BDEAF2009FFF43 /* Supporting Files */,
			);
			path = CriticalMassTests;
			sourceTree = "<group>";
		};
		94CF087F19BDEAF2009FFF43 /* Supporting Files */ = {
			isa = PBXGroup;
			children = (
				94CF088019BDEAF2009FFF43 /* CriticalMapsTests-Info.plist */,
				94CF088119BDEAF2009FFF43 /* InfoPlist.strings */,
			);
			name = "Supporting Files";
			sourceTree = "<group>";
		};
/* End PBXGroup section */

/* Begin PBXNativeTarget section */
		94CF085B19BDEAF2009FFF43 /* CriticalMaps */ = {
			isa = PBXNativeTarget;
			buildConfigurationList = 94CF088819BDEAF2009FFF43 /* Build configuration list for PBXNativeTarget "CriticalMaps" */;
			buildPhases = (
				9CF225B8929C681EBE0A23D7 /* [CP] Check Pods Manifest.lock */,
				94CF085819BDEAF2009FFF43 /* Sources */,
				94CF085919BDEAF2009FFF43 /* Frameworks */,
				94CF085A19BDEAF2009FFF43 /* Resources */,
				DD06EF18A12286512D5EF6C6 /* [CP] Embed Pods Frameworks */,
				AE8C2169D48B35B543C49302 /* [CP] Copy Pods Resources */,
			);
			buildRules = (
			);
			dependencies = (
			);
			name = CriticalMaps;
			productName = CriticalMass;
			productReference = 94CF085C19BDEAF2009FFF43 /* CriticalMaps.app */;
			productType = "com.apple.product-type.application";
		};
		94CF087619BDEAF2009FFF43 /* CriticalMapsTests */ = {
			isa = PBXNativeTarget;
			buildConfigurationList = 94CF088B19BDEAF2009FFF43 /* Build configuration list for PBXNativeTarget "CriticalMapsTests" */;
			buildPhases = (
				94CF087319BDEAF2009FFF43 /* Sources */,
				94CF087419BDEAF2009FFF43 /* Frameworks */,
				94CF087519BDEAF2009FFF43 /* Resources */,
			);
			buildRules = (
			);
			dependencies = (
				94CF087D19BDEAF2009FFF43 /* PBXTargetDependency */,
			);
			name = CriticalMapsTests;
			productName = CriticalMassTests;
			productReference = 94CF087719BDEAF2009FFF43 /* CriticalMapsTests.xctest */;
			productType = "com.apple.product-type.bundle.unit-test";
		};
/* End PBXNativeTarget section */

/* Begin PBXProject section */
		94CF085419BDEAF2009FFF43 /* Project object */ = {
			isa = PBXProject;
			attributes = {
				CLASSPREFIX = PL;
				LastUpgradeCheck = 0700;
				ORGANIZATIONNAME = "Pokus Labs";
				TargetAttributes = {
					94CF085B19BDEAF2009FFF43 = {
						DevelopmentTeam = 5YLLXUZBZ2;
						SystemCapabilities = {
							com.apple.BackgroundModes = {
								enabled = 1;
							};
							com.apple.Push = {
								enabled = 0;
							};
						};
					};
					94CF087619BDEAF2009FFF43 = {
						TestTargetID = 94CF085B19BDEAF2009FFF43;
					};
				};
			};
			buildConfigurationList = 94CF085719BDEAF2009FFF43 /* Build configuration list for PBXProject "CriticalMaps" */;
			compatibilityVersion = "Xcode 3.2";
			developmentRegion = English;
			hasScannedForEncodings = 0;
			knownRegions = (
				en,
				de,
			);
			mainGroup = 94CF085319BDEAF2009FFF43;
			productRefGroup = 94CF085D19BDEAF2009FFF43 /* Products */;
			projectDirPath = "";
			projectRoot = "";
			targets = (
				94CF085B19BDEAF2009FFF43 /* CriticalMaps */,
				94CF087619BDEAF2009FFF43 /* CriticalMapsTests */,
			);
		};
/* End PBXProject section */

/* Begin PBXResourcesBuildPhase section */
		94CF085A19BDEAF2009FFF43 /* Resources */ = {
			isa = PBXResourcesBuildPhase;
			buildActionMask = 2147483647;
			files = (
				94CF086A19BDEAF2009FFF43 /* InfoPlist.strings in Resources */,
				9489D88C1B768274001E746C /* Localizable.strings in Resources */,
				94CF087219BDEAF2009FFF43 /* Images.xcassets in Resources */,
				945AD4841B94FDF600C7B6E9 /* Main.storyboard in Resources */,
			);
			runOnlyForDeploymentPostprocessing = 0;
		};
		94CF087519BDEAF2009FFF43 /* Resources */ = {
			isa = PBXResourcesBuildPhase;
			buildActionMask = 2147483647;
			files = (
				94CF088319BDEAF2009FFF43 /* InfoPlist.strings in Resources */,
			);
			runOnlyForDeploymentPostprocessing = 0;
		};
/* End PBXResourcesBuildPhase section */

/* Begin PBXShellScriptBuildPhase section */
		9CF225B8929C681EBE0A23D7 /* [CP] Check Pods Manifest.lock */ = {
			isa = PBXShellScriptBuildPhase;
			buildActionMask = 2147483647;
			files = (
			);
			inputPaths = (
			);
			name = "[CP] Check Pods Manifest.lock";
			outputPaths = (
			);
			runOnlyForDeploymentPostprocessing = 0;
			shellPath = /bin/sh;
			shellScript = "diff \"${PODS_ROOT}/../Podfile.lock\" \"${PODS_ROOT}/Manifest.lock\" > /dev/null\nif [ $? != 0 ] ; then\n    # print error to STDERR\n    echo \"error: The sandbox is not in sync with the Podfile.lock. Run 'pod install' or update your CocoaPods installation.\" >&2\n    exit 1\nfi\n";
			showEnvVarsInLog = 0;
		};
		AE8C2169D48B35B543C49302 /* [CP] Copy Pods Resources */ = {
			isa = PBXShellScriptBuildPhase;
			buildActionMask = 2147483647;
			files = (
			);
			inputPaths = (
			);
			name = "[CP] Copy Pods Resources";
			outputPaths = (
			);
			runOnlyForDeploymentPostprocessing = 0;
			shellPath = /bin/sh;
			shellScript = "\"${SRCROOT}/Pods/Target Support Files/Pods-CriticalMaps/Pods-CriticalMaps-resources.sh\"\n";
			showEnvVarsInLog = 0;
		};
		DD06EF18A12286512D5EF6C6 /* [CP] Embed Pods Frameworks */ = {
			isa = PBXShellScriptBuildPhase;
			buildActionMask = 2147483647;
			files = (
			);
			inputPaths = (
			);
			name = "[CP] Embed Pods Frameworks";
			outputPaths = (
			);
			runOnlyForDeploymentPostprocessing = 0;
			shellPath = /bin/sh;
			shellScript = "\"${SRCROOT}/Pods/Target Support Files/Pods-CriticalMaps/Pods-CriticalMaps-frameworks.sh\"\n";
			showEnvVarsInLog = 0;
		};
/* End PBXShellScriptBuildPhase section */

/* Begin PBXSourcesBuildPhase section */
		94CF085819BDEAF2009FFF43 /* Sources */ = {
			isa = PBXSourcesBuildPhase;
			buildActionMask = 2147483647;
			files = (
				94CF087019BDEAF2009FFF43 /* PLAppDelegate.m in Sources */,
				94591A6B1A6C67640080BCEC /* PLChatViewController.m in Sources */,
				942B71B61A5770CA00D02CA1 /* PLTwitterTableViewCell.m in Sources */,
				94709B0219CA705A003E9583 /* PLInfoOverlayView.m in Sources */,
				942E2D8219C316BD00BF92D7 /* PLUtils.m in Sources */,
				94AD50461A963D0600547B40 /* PLChatModel.m in Sources */,
				94A9C1AF19BF43AB0027C5DC /* PLDataModel.m in Sources */,
				94ECBDA61AD1B7CC00A8D75A /* UIColor+Helper.m in Sources */,
				945441AE1A111A6A00C8024F /* PLLabel.m in Sources */,
				94F0304919C1E4EC00F86611 /* PLConstants.m in Sources */,
				94CF089919BDF227009FFF43 /* PLTabBarController.m in Sources */,
				9484E8031A62E63F0007F9F3 /* HOButton.m in Sources */,
				9474656419CA3078005485BD /* PLSettingsTableViewController.m in Sources */,
				94CF089319BDEC9C009FFF43 /* PLMapViewController.m in Sources */,
				94DC348E1A9E5C39000E9D85 /* PLChatObject.m in Sources */,
				941511091A10004D0010205B /* PLTwitterViewController.m in Sources */,
				94CF086C19BDEAF2009FFF43 /* main.m in Sources */,
				94CF089619BDECAE009FFF43 /* PLRulesViewController.m in Sources */,
			);
			runOnlyForDeploymentPostprocessing = 0;
		};
		94CF087319BDEAF2009FFF43 /* Sources */ = {
			isa = PBXSourcesBuildPhase;
			buildActionMask = 2147483647;
			files = (
				94CF088519BDEAF2009FFF43 /* CriticalMassTests.m in Sources */,
			);
			runOnlyForDeploymentPostprocessing = 0;
		};
/* End PBXSourcesBuildPhase section */

/* Begin PBXTargetDependency section */
		94CF087D19BDEAF2009FFF43 /* PBXTargetDependency */ = {
			isa = PBXTargetDependency;
			target = 94CF085B19BDEAF2009FFF43 /* CriticalMaps */;
			targetProxy = 94CF087C19BDEAF2009FFF43 /* PBXContainerItemProxy */;
		};
/* End PBXTargetDependency section */

/* Begin PBXVariantGroup section */
		9489D88E1B768274001E746C /* Localizable.strings */ = {
			isa = PBXVariantGroup;
			children = (
				9489D88D1B768274001E746C /* en */,
				9489D88F1B768279001E746C /* de */,
			);
			name = Localizable.strings;
			sourceTree = "<group>";
		};
		94CF086819BDEAF2009FFF43 /* InfoPlist.strings */ = {
			isa = PBXVariantGroup;
			children = (
				94CF086919BDEAF2009FFF43 /* en */,
				9489D88A1B7681AF001E746C /* de */,
			);
			name = InfoPlist.strings;
			sourceTree = "<group>";
		};
		94CF088119BDEAF2009FFF43 /* InfoPlist.strings */ = {
			isa = PBXVariantGroup;
			children = (
				94CF088219BDEAF2009FFF43 /* en */,
				9489D88B1B7681AF001E746C /* de */,
			);
			name = InfoPlist.strings;
			sourceTree = "<group>";
		};
/* End PBXVariantGroup section */

/* Begin XCBuildConfiguration section */
		94CF088619BDEAF2009FFF43 /* Debug */ = {
			isa = XCBuildConfiguration;
			buildSettings = {
				ALWAYS_SEARCH_USER_PATHS = NO;
				CLANG_CXX_LANGUAGE_STANDARD = "gnu++0x";
				CLANG_CXX_LIBRARY = "libc++";
				CLANG_ENABLE_MODULES = YES;
				CLANG_ENABLE_OBJC_ARC = YES;
				CLANG_WARN_BOOL_CONVERSION = YES;
				CLANG_WARN_CONSTANT_CONVERSION = YES;
				CLANG_WARN_DIRECT_OBJC_ISA_USAGE = YES_ERROR;
				CLANG_WARN_EMPTY_BODY = YES;
				CLANG_WARN_ENUM_CONVERSION = YES;
				CLANG_WARN_INT_CONVERSION = YES;
				CLANG_WARN_OBJC_ROOT_CLASS = YES_ERROR;
				CLANG_WARN__DUPLICATE_METHOD_MATCH = YES;
				"CODE_SIGN_IDENTITY[sdk=iphoneos*]" = "iPhone Developer";
				COPY_PHASE_STRIP = NO;
				ENABLE_TESTABILITY = YES;
				GCC_C_LANGUAGE_STANDARD = gnu99;
				GCC_DYNAMIC_NO_PIC = NO;
				GCC_OPTIMIZATION_LEVEL = 0;
				GCC_PREPROCESSOR_DEFINITIONS = (
					"DEBUG=1",
					"$(inherited)",
				);
				GCC_SYMBOLS_PRIVATE_EXTERN = NO;
				GCC_WARN_64_TO_32_BIT_CONVERSION = YES;
				GCC_WARN_ABOUT_RETURN_TYPE = YES_ERROR;
				GCC_WARN_UNDECLARED_SELECTOR = YES;
				GCC_WARN_UNINITIALIZED_AUTOS = YES_AGGRESSIVE;
				GCC_WARN_UNUSED_FUNCTION = YES;
				GCC_WARN_UNUSED_VARIABLE = YES;
				IPHONEOS_DEPLOYMENT_TARGET = 8.0;
				ONLY_ACTIVE_ARCH = YES;
				SDKROOT = iphoneos;
			};
			name = Debug;
		};
		94CF088719BDEAF2009FFF43 /* Release */ = {
			isa = XCBuildConfiguration;
			buildSettings = {
				ALWAYS_SEARCH_USER_PATHS = NO;
				CLANG_CXX_LANGUAGE_STANDARD = "gnu++0x";
				CLANG_CXX_LIBRARY = "libc++";
				CLANG_ENABLE_MODULES = YES;
				CLANG_ENABLE_OBJC_ARC = YES;
				CLANG_WARN_BOOL_CONVERSION = YES;
				CLANG_WARN_CONSTANT_CONVERSION = YES;
				CLANG_WARN_DIRECT_OBJC_ISA_USAGE = YES_ERROR;
				CLANG_WARN_EMPTY_BODY = YES;
				CLANG_WARN_ENUM_CONVERSION = YES;
				CLANG_WARN_INT_CONVERSION = YES;
				CLANG_WARN_OBJC_ROOT_CLASS = YES_ERROR;
				CLANG_WARN__DUPLICATE_METHOD_MATCH = YES;
				"CODE_SIGN_IDENTITY[sdk=iphoneos*]" = "iPhone Developer";
				COPY_PHASE_STRIP = YES;
				ENABLE_NS_ASSERTIONS = NO;
				GCC_C_LANGUAGE_STANDARD = gnu99;
				GCC_WARN_64_TO_32_BIT_CONVERSION = YES;
				GCC_WARN_ABOUT_RETURN_TYPE = YES_ERROR;
				GCC_WARN_UNDECLARED_SELECTOR = YES;
				GCC_WARN_UNINITIALIZED_AUTOS = YES_AGGRESSIVE;
				GCC_WARN_UNUSED_FUNCTION = YES;
				GCC_WARN_UNUSED_VARIABLE = YES;
				IPHONEOS_DEPLOYMENT_TARGET = 8.0;
				ONLY_ACTIVE_ARCH = NO;
				SDKROOT = iphoneos;
				VALIDATE_PRODUCT = YES;
			};
			name = Release;
		};
		94CF088919BDEAF2009FFF43 /* Debug */ = {
			isa = XCBuildConfiguration;
			baseConfigurationReference = EABC16C259C48FC560C79864 /* Pods-CriticalMaps.debug.xcconfig */;
			buildSettings = {
				ASSETCATALOG_COMPILER_APPICON_NAME = AppIcon;
				ASSETCATALOG_COMPILER_LAUNCHIMAGE_NAME = LaunchImage;
				CODE_SIGN_IDENTITY = "iPhone Developer";
				"CODE_SIGN_IDENTITY[sdk=iphoneos*]" = "iPhone Developer";
				GCC_PRECOMPILE_PREFIX_HEADER = YES;
				GCC_PREFIX_HEADER = "CriticalMass/CriticalMaps-Prefix.pch";
				INFOPLIST_FILE = "CriticalMass/CriticalMaps-Info.plist";
				IPHONEOS_DEPLOYMENT_TARGET = 8.0;
				PRODUCT_BUNDLE_IDENTIFIER = de.pokuslabs.criticalmassberlin;
				PRODUCT_NAME = "$(TARGET_NAME)";
				PROVISIONING_PROFILE = "";
				TARGETED_DEVICE_FAMILY = 1;
				WRAPPER_EXTENSION = app;
			};
			name = Debug;
		};
		94CF088A19BDEAF2009FFF43 /* Release */ = {
			isa = XCBuildConfiguration;
			baseConfigurationReference = 07303299525BE9DE73397506 /* Pods-CriticalMaps.release.xcconfig */;
			buildSettings = {
				ASSETCATALOG_COMPILER_APPICON_NAME = AppIcon;
				ASSETCATALOG_COMPILER_LAUNCHIMAGE_NAME = LaunchImage;
				CODE_SIGN_IDENTITY = "iPhone Developer";
				"CODE_SIGN_IDENTITY[sdk=iphoneos*]" = "iPhone Developer";
				GCC_PRECOMPILE_PREFIX_HEADER = YES;
				GCC_PREFIX_HEADER = "CriticalMass/CriticalMaps-Prefix.pch";
				INFOPLIST_FILE = "CriticalMass/CriticalMaps-Info.plist";
				IPHONEOS_DEPLOYMENT_TARGET = 8.0;
				PRODUCT_BUNDLE_IDENTIFIER = de.pokuslabs.criticalmassberlin;
				PRODUCT_NAME = "$(TARGET_NAME)";
				PROVISIONING_PROFILE = "";
				TARGETED_DEVICE_FAMILY = 1;
				WRAPPER_EXTENSION = app;
			};
			name = Release;
		};
		94CF088C19BDEAF2009FFF43 /* Debug */ = {
			isa = XCBuildConfiguration;
			buildSettings = {
				BUNDLE_LOADER = "$(BUILT_PRODUCTS_DIR)/CriticalMaps.app/CriticalMass";
				FRAMEWORK_SEARCH_PATHS = (
					"$(SDKROOT)/Developer/Library/Frameworks",
					"$(inherited)",
					"$(DEVELOPER_FRAMEWORKS_DIR)",
				);
				GCC_PRECOMPILE_PREFIX_HEADER = YES;
				GCC_PREFIX_HEADER = "CriticalMass/CriticalMaps-Prefix.pch";
				GCC_PREPROCESSOR_DEFINITIONS = (
					"DEBUG=1",
					"$(inherited)",
				);
				INFOPLIST_FILE = "CriticalMassTests/CriticalMapsTests-Info.plist";
				PRODUCT_BUNDLE_IDENTIFIER = "pokuslabs.${PRODUCT_NAME:rfc1034identifier}";
				PRODUCT_NAME = "$(TARGET_NAME)";
				TEST_HOST = "$(BUNDLE_LOADER)";
				WRAPPER_EXTENSION = xctest;
			};
			name = Debug;
		};
		94CF088D19BDEAF2009FFF43 /* Release */ = {
			isa = XCBuildConfiguration;
			buildSettings = {
				BUNDLE_LOADER = "$(BUILT_PRODUCTS_DIR)/CriticalMaps.app/CriticalMass";
				FRAMEWORK_SEARCH_PATHS = (
					"$(SDKROOT)/Developer/Library/Frameworks",
					"$(inherited)",
					"$(DEVELOPER_FRAMEWORKS_DIR)",
				);
				GCC_PRECOMPILE_PREFIX_HEADER = YES;
				GCC_PREFIX_HEADER = "CriticalMass/CriticalMaps-Prefix.pch";
				INFOPLIST_FILE = "CriticalMassTests/CriticalMapsTests-Info.plist";
				PRODUCT_BUNDLE_IDENTIFIER = "pokuslabs.${PRODUCT_NAME:rfc1034identifier}";
				PRODUCT_NAME = "$(TARGET_NAME)";
				TEST_HOST = "$(BUNDLE_LOADER)";
				WRAPPER_EXTENSION = xctest;
			};
			name = Release;
		};
/* End XCBuildConfiguration section */

/* Begin XCConfigurationList section */
		94CF085719BDEAF2009FFF43 /* Build configuration list for PBXProject "CriticalMaps" */ = {
			isa = XCConfigurationList;
			buildConfigurations = (
				94CF088619BDEAF2009FFF43 /* Debug */,
				94CF088719BDEAF2009FFF43 /* Release */,
			);
			defaultConfigurationIsVisible = 0;
			defaultConfigurationName = Release;
		};
		94CF088819BDEAF2009FFF43 /* Build configuration list for PBXNativeTarget "CriticalMaps" */ = {
			isa = XCConfigurationList;
			buildConfigurations = (
				94CF088919BDEAF2009FFF43 /* Debug */,
				94CF088A19BDEAF2009FFF43 /* Release */,
			);
			defaultConfigurationIsVisible = 0;
			defaultConfigurationName = Release;
		};
		94CF088B19BDEAF2009FFF43 /* Build configuration list for PBXNativeTarget "CriticalMapsTests" */ = {
			isa = XCConfigurationList;
			buildConfigurations = (
				94CF088C19BDEAF2009FFF43 /* Debug */,
				94CF088D19BDEAF2009FFF43 /* Release */,
			);
			defaultConfigurationIsVisible = 0;
			defaultConfigurationName = Release;
		};
/* End XCConfigurationList section */
	};
	rootObject = 94CF085419BDEAF2009FFF43 /* Project object */;
}
